// !$*UTF8*$!
{
	archiveVersion = 1;
	classes = {
	};
	objectVersion = 50;
	objects = {

/* Begin PBXBuildFile section */
		3F599E29EFBFEDD4DB1E6C3A /* Pods_Event_Planner.framework in Frameworks */ = {isa = PBXBuildFile; fileRef = A57EBC55AC46D9C331ABCD28 /* Pods_Event_Planner.framework */; };
		4902A1A32229214900580D44 /* UserService.swift in Sources */ = {isa = PBXBuildFile; fileRef = 4902A1A22229214900580D44 /* UserService.swift */; };
		4902A1A622297D7300580D44 /* PDependencies.swift in Sources */ = {isa = PBXBuildFile; fileRef = 4902A1A522297D7300580D44 /* PDependencies.swift */; };
		4904C86622369ADE00A31D98 /* TasksCell.swift in Sources */ = {isa = PBXBuildFile; fileRef = 4904C86522369ADE00A31D98 /* TasksCell.swift */; };
		490543C02245106800FC28A1 /* AddTotalBudget.swift in Sources */ = {isa = PBXBuildFile; fileRef = 490543BF2245106800FC28A1 /* AddTotalBudget.swift */; };
		490543C2224510AE00FC28A1 /* AddTotalBudgetModel.swift in Sources */ = {isa = PBXBuildFile; fileRef = 490543C1224510AE00FC28A1 /* AddTotalBudgetModel.swift */; };
		490D03EA223B9BC0000E6878 /* ConfigureModel.swift in Sources */ = {isa = PBXBuildFile; fileRef = 490D03E9223B9BC0000E6878 /* ConfigureModel.swift */; };
		490D03EC223BA5A1000E6878 /* CreateChatModel.swift in Sources */ = {isa = PBXBuildFile; fileRef = 490D03EB223BA5A1000E6878 /* CreateChatModel.swift */; };
		490D4B20223BC82F00E07DB3 /* ChatController.swift in Sources */ = {isa = PBXBuildFile; fileRef = 490D4B1F223BC82F00E07DB3 /* ChatController.swift */; };
		490D4B22223BC88A00E07DB3 /* SingleChat.storyboard in Resources */ = {isa = PBXBuildFile; fileRef = 490D4B21223BC88A00E07DB3 /* SingleChat.storyboard */; };
		490D4B25223BCAF300E07DB3 /* ChatCell.swift in Sources */ = {isa = PBXBuildFile; fileRef = 490D4B24223BCAF300E07DB3 /* ChatCell.swift */; };
		490D4B28223F981500E07DB3 /* ChatModel.swift in Sources */ = {isa = PBXBuildFile; fileRef = 490D4B27223F981500E07DB3 /* ChatModel.swift */; };
		490D4B2A223FB29C00E07DB3 /* IdeaTopic.storyboard in Resources */ = {isa = PBXBuildFile; fileRef = 490D4B29223FB29C00E07DB3 /* IdeaTopic.storyboard */; };
		490D4B2D223FB44100E07DB3 /* AddTopicModel.swift in Sources */ = {isa = PBXBuildFile; fileRef = 490D4B2C223FB44100E07DB3 /* AddTopicModel.swift */; };
		490D4B2F223FC94500E07DB3 /* IdeaTopicModel.swift in Sources */ = {isa = PBXBuildFile; fileRef = 490D4B2E223FC94500E07DB3 /* IdeaTopicModel.swift */; };
		490D4B34223FD76200E07DB3 /* TaskNeedsDoing.swift in Sources */ = {isa = PBXBuildFile; fileRef = 490D4B33223FD76200E07DB3 /* TaskNeedsDoing.swift */; };
		490D4B36223FD77000E07DB3 /* TaskInProgress.swift in Sources */ = {isa = PBXBuildFile; fileRef = 490D4B35223FD77000E07DB3 /* TaskInProgress.swift */; };
		490D4B38223FD77700E07DB3 /* TaskDone.swift in Sources */ = {isa = PBXBuildFile; fileRef = 490D4B37223FD77700E07DB3 /* TaskDone.swift */; };
		490D4B3A223FD8FF00E07DB3 /* TaskTopic.storyboard in Resources */ = {isa = PBXBuildFile; fileRef = 490D4B39223FD8FF00E07DB3 /* TaskTopic.storyboard */; };
		490D4B3F2240DEA700E07DB3 /* AddBudgetField.swift in Sources */ = {isa = PBXBuildFile; fileRef = 490D4B3E2240DEA700E07DB3 /* AddBudgetField.swift */; };
		490D4B412240E4B400E07DB3 /* AddBudgetModel.swift in Sources */ = {isa = PBXBuildFile; fileRef = 490D4B402240E4B400E07DB3 /* AddBudgetModel.swift */; };
		490D4B4422412CE300E07DB3 /* AddIdea.swift in Sources */ = {isa = PBXBuildFile; fileRef = 490D4B4322412CE300E07DB3 /* AddIdea.swift */; };
		490D4B4622412E9000E07DB3 /* AddIdeaModel.swift in Sources */ = {isa = PBXBuildFile; fileRef = 490D4B4522412E9000E07DB3 /* AddIdeaModel.swift */; };
		490D4B4822421E2D00E07DB3 /* BudgetFieldStructure.swift in Sources */ = {isa = PBXBuildFile; fileRef = 490D4B4722421E2D00E07DB3 /* BudgetFieldStructure.swift */; };
		49108CD1223A427C00C6A160 /* AddTopicController.swift in Sources */ = {isa = PBXBuildFile; fileRef = 49108CD0223A427C00C6A160 /* AddTopicController.swift */; };
		49108CD3223A436300C6A160 /* IdeasModel.swift in Sources */ = {isa = PBXBuildFile; fileRef = 49108CD2223A436300C6A160 /* IdeasModel.swift */; };
		49108CD6223A54A200C6A160 /* BudgetCell.swift in Sources */ = {isa = PBXBuildFile; fileRef = 49108CD5223A54A200C6A160 /* BudgetCell.swift */; };
		49108CD8223A59BB00C6A160 /* BudgetModel.swift in Sources */ = {isa = PBXBuildFile; fileRef = 49108CD7223A59BB00C6A160 /* BudgetModel.swift */; };
		49108CDB223A5A3600C6A160 /* ConfigureBudget.swift in Sources */ = {isa = PBXBuildFile; fileRef = 49108CDA223A5A3600C6A160 /* ConfigureBudget.swift */; };
		49108CDE223A8A4D00C6A160 /* FieldCell.swift in Sources */ = {isa = PBXBuildFile; fileRef = 49108CDD223A8A4D00C6A160 /* FieldCell.swift */; };
		49108CE1223AA5BD00C6A160 /* IdeaTopic.swift in Sources */ = {isa = PBXBuildFile; fileRef = 49108CE0223AA5BD00C6A160 /* IdeaTopic.swift */; };
		49108CE3223AA72C00C6A160 /* IdeaCell.swift in Sources */ = {isa = PBXBuildFile; fileRef = 49108CE2223AA72C00C6A160 /* IdeaCell.swift */; };
		49108CE5223AA7DB00C6A160 /* TopicCell.swift in Sources */ = {isa = PBXBuildFile; fileRef = 49108CE4223AA7DB00C6A160 /* TopicCell.swift */; };
		4911E168223021A700EB8474 /* PUserService.swift in Sources */ = {isa = PBXBuildFile; fileRef = 4911E167223021A700EB8474 /* PUserService.swift */; };
		4911E172223022D300EB8474 /* LoginFunc_Test.swift in Sources */ = {isa = PBXBuildFile; fileRef = 4911E171223022D300EB8474 /* LoginFunc_Test.swift */; };
		4911E179223022DA00EB8474 /* DummyUserService.swift in Sources */ = {isa = PBXBuildFile; fileRef = 49E50E9E222FCB3000FFD8B7 /* DummyUserService.swift */; };
		4911E17A223022DE00EB8474 /* PUserService.swift in Sources */ = {isa = PBXBuildFile; fileRef = 4911E167223021A700EB8474 /* PUserService.swift */; };
		4911E17B223144F100EB8474 /* LoginModel.swift in Sources */ = {isa = PBXBuildFile; fileRef = 49451A372224426100AC8350 /* LoginModel.swift */; };
		4926DD69222EBA8D00F1DB4E /* MySpacesCell.swift in Sources */ = {isa = PBXBuildFile; fileRef = 4926DD68222EBA8D00F1DB4E /* MySpacesCell.swift */; };
		4935AB152232869F0061AE47 /* MainModel.swift in Sources */ = {isa = PBXBuildFile; fileRef = 4935AB142232869F0061AE47 /* MainModel.swift */; };
		4935AB172232873D0061AE47 /* Ideas.storyboard in Resources */ = {isa = PBXBuildFile; fileRef = 4935AB162232873D0061AE47 /* Ideas.storyboard */; };
		4935AB19223287440061AE47 /* Chat.storyboard in Resources */ = {isa = PBXBuildFile; fileRef = 4935AB18223287440061AE47 /* Chat.storyboard */; };
		4935AB1B2232874C0061AE47 /* Budget.storyboard in Resources */ = {isa = PBXBuildFile; fileRef = 4935AB1A2232874C0061AE47 /* Budget.storyboard */; };
		4935AB1D223287730061AE47 /* Tasks.storyboard in Resources */ = {isa = PBXBuildFile; fileRef = 4935AB1C223287730061AE47 /* Tasks.storyboard */; };
		4935AB232232884A0061AE47 /* IdeasController.swift in Sources */ = {isa = PBXBuildFile; fileRef = 4935AB222232884A0061AE47 /* IdeasController.swift */; };
		4935AB292232888C0061AE47 /* ChatsController.swift in Sources */ = {isa = PBXBuildFile; fileRef = 4935AB282232888C0061AE47 /* ChatsController.swift */; };
		4935AB2B223288950061AE47 /* TasksController.swift in Sources */ = {isa = PBXBuildFile; fileRef = 4935AB2A223288950061AE47 /* TasksController.swift */; };
		4935AB2D223288A00061AE47 /* BudgetController.swift in Sources */ = {isa = PBXBuildFile; fileRef = 4935AB2C223288A00061AE47 /* BudgetController.swift */; };
		493A9589224B5E9C007171F0 /* SpaceDO.swift in Sources */ = {isa = PBXBuildFile; fileRef = 493A9588224B5E9C007171F0 /* SpaceDO.swift */; };
		493A958B224BAA39007171F0 /* IdeaService.swift in Sources */ = {isa = PBXBuildFile; fileRef = 493A958A224BAA39007171F0 /* IdeaService.swift */; };
		493A958D224BAA45007171F0 /* PIdeaService.swift in Sources */ = {isa = PBXBuildFile; fileRef = 493A958C224BAA45007171F0 /* PIdeaService.swift */; };
		493A958F224BAAAE007171F0 /* IdeaDO.swift in Sources */ = {isa = PBXBuildFile; fileRef = 493A958E224BAAAE007171F0 /* IdeaDO.swift */; };
		493A9593224BAB0E007171F0 /* TopicDO.swift in Sources */ = {isa = PBXBuildFile; fileRef = 493A9592224BAB0E007171F0 /* TopicDO.swift */; };
		493E4E3D224CB7B50009993A /* MessageDO.swift in Sources */ = {isa = PBXBuildFile; fileRef = 493E4E3C224CB7B40009993A /* MessageDO.swift */; };
		493E4E3F224CB8660009993A /* ChatDO.swift in Sources */ = {isa = PBXBuildFile; fileRef = 493E4E3E224CB8660009993A /* ChatDO.swift */; };
		493E4E45224CB95F0009993A /* PChatService.swift in Sources */ = {isa = PBXBuildFile; fileRef = 493E4E44224CB95F0009993A /* PChatService.swift */; };
		493E4E47224CB9720009993A /* ChatService.swift in Sources */ = {isa = PBXBuildFile; fileRef = 493E4E46224CB9720009993A /* ChatService.swift */; };
		493E4E49224CD3950009993A /* TaskDO.swift in Sources */ = {isa = PBXBuildFile; fileRef = 493E4E48224CD3950009993A /* TaskDO.swift */; };
		49451A392224426100AC8350 /* GreetingVC.swift in Sources */ = {isa = PBXBuildFile; fileRef = 49451A212224426100AC8350 /* GreetingVC.swift */; };
		49451A3A2224426100AC8350 /* GreetingModel.swift in Sources */ = {isa = PBXBuildFile; fileRef = 49451A222224426100AC8350 /* GreetingModel.swift */; };
		49451A3B2224426100AC8350 /* SignUpModel.swift in Sources */ = {isa = PBXBuildFile; fileRef = 49451A242224426100AC8350 /* SignUpModel.swift */; };
		49451A3C2224426100AC8350 /* SignUpVC.swift in Sources */ = {isa = PBXBuildFile; fileRef = 49451A252224426100AC8350 /* SignUpVC.swift */; };
		49451A3D2224426100AC8350 /* Background.swift in Sources */ = {isa = PBXBuildFile; fileRef = 49451A272224426100AC8350 /* Background.swift */; };
		49451A3F2224426100AC8350 /* AppDelegate.swift in Sources */ = {isa = PBXBuildFile; fileRef = 49451A292224426100AC8350 /* AppDelegate.swift */; };
		49451A402224426100AC8350 /* MySpacesVC.swift in Sources */ = {isa = PBXBuildFile; fileRef = 49451A2B2224426100AC8350 /* MySpacesVC.swift */; };
		49451A422224426100AC8350 /* MySpacesModel.swift in Sources */ = {isa = PBXBuildFile; fileRef = 49451A2D2224426100AC8350 /* MySpacesModel.swift */; };
		49451A462224426100AC8350 /* AppFlow.swift in Sources */ = {isa = PBXBuildFile; fileRef = 49451A322224426100AC8350 /* AppFlow.swift */; };
		49451A472224426100AC8350 /* SpacesFlow.swift in Sources */ = {isa = PBXBuildFile; fileRef = 49451A332224426100AC8350 /* SpacesFlow.swift */; };
		49451A492224426100AC8350 /* GreetingFlow.swift in Sources */ = {isa = PBXBuildFile; fileRef = 49451A352224426100AC8350 /* GreetingFlow.swift */; };
		49451A4A2224426100AC8350 /* LoginModel.swift in Sources */ = {isa = PBXBuildFile; fileRef = 49451A372224426100AC8350 /* LoginModel.swift */; };
		49451A4B2224426100AC8350 /* LogInVC.swift in Sources */ = {isa = PBXBuildFile; fileRef = 49451A382224426100AC8350 /* LogInVC.swift */; };
		49459D0A222E63B10020A8BA /* TextBoxSubclass.swift in Sources */ = {isa = PBXBuildFile; fileRef = 49459D09222E63B10020A8BA /* TextBoxSubclass.swift */; };
		49498E85224A26A5008D2475 /* AddTaskTopic.swift in Sources */ = {isa = PBXBuildFile; fileRef = 49498E84224A26A5008D2475 /* AddTaskTopic.swift */; };
		49498E87224A26CF008D2475 /* AddTaskTopicModel.swift in Sources */ = {isa = PBXBuildFile; fileRef = 49498E86224A26CF008D2475 /* AddTaskTopicModel.swift */; };
		49498E8A224A5A03008D2475 /* SpaceService.swift in Sources */ = {isa = PBXBuildFile; fileRef = 49498E89224A5A03008D2475 /* SpaceService.swift */; };
		49498E8D224A5AD4008D2475 /* PSpaceService.swift in Sources */ = {isa = PBXBuildFile; fileRef = 49498E8C224A5AD4008D2475 /* PSpaceService.swift */; };
		495E1C6622424C030002F096 /* TaskNeedsDoingCell.swift in Sources */ = {isa = PBXBuildFile; fileRef = 495E1C6522424C030002F096 /* TaskNeedsDoingCell.swift */; };
		495E1C6822424C100002F096 /* TaskInProgressCell.swift in Sources */ = {isa = PBXBuildFile; fileRef = 495E1C6722424C100002F096 /* TaskInProgressCell.swift */; };
		495E1C6A22424C170002F096 /* TaskDoneCell.swift in Sources */ = {isa = PBXBuildFile; fileRef = 495E1C6922424C170002F096 /* TaskDoneCell.swift */; };
		495E1C6C22425E540002F096 /* AddTask.swift in Sources */ = {isa = PBXBuildFile; fileRef = 495E1C6B22425E540002F096 /* AddTask.swift */; };
		495E1C6E224266B40002F096 /* TaskNeedsDoingModel.swift in Sources */ = {isa = PBXBuildFile; fileRef = 495E1C6D224266B40002F096 /* TaskNeedsDoingModel.swift */; };
		495E1C702242751F0002F096 /* AddTaskModel.swift in Sources */ = {isa = PBXBuildFile; fileRef = 495E1C6F2242751F0002F096 /* AddTaskModel.swift */; };
		495E1C74224296CF0002F096 /* BudgetFlow.swift in Sources */ = {isa = PBXBuildFile; fileRef = 495E1C73224296CF0002F096 /* BudgetFlow.swift */; };
		495E1C762242975C0002F096 /* IdeasFlow.swift in Sources */ = {isa = PBXBuildFile; fileRef = 495E1C752242975C0002F096 /* IdeasFlow.swift */; };
		495E1C78224297650002F096 /* ChatsFlow.swift in Sources */ = {isa = PBXBuildFile; fileRef = 495E1C77224297650002F096 /* ChatsFlow.swift */; };
		495E1C7A224297800002F096 /* TasksFlow.swift in Sources */ = {isa = PBXBuildFile; fileRef = 495E1C79224297800002F096 /* TasksFlow.swift */; };
		495E1C7D224374EA0002F096 /* ButtonSubclass.swift in Sources */ = {isa = PBXBuildFile; fileRef = 495E1C7C224374EA0002F096 /* ButtonSubclass.swift */; };
		495E1C8022437CE00002F096 /* AddTask.storyboard in Resources */ = {isa = PBXBuildFile; fileRef = 495E1C7F22437CE00002F096 /* AddTask.storyboard */; };
		495E1C8322437EC70002F096 /* NeedsDoingDetails.swift in Sources */ = {isa = PBXBuildFile; fileRef = 495E1C8222437EC70002F096 /* NeedsDoingDetails.swift */; };
		495E1C85224393D80002F096 /* NeedsDoingDetailsModel.swift in Sources */ = {isa = PBXBuildFile; fileRef = 495E1C84224393D80002F096 /* NeedsDoingDetailsModel.swift */; };
		495E1C872243A5420002F096 /* TaskInProgressModel.swift in Sources */ = {isa = PBXBuildFile; fileRef = 495E1C862243A5420002F096 /* TaskInProgressModel.swift */; };
		495E1C892243A5610002F096 /* TaskDoneModel.swift in Sources */ = {isa = PBXBuildFile; fileRef = 495E1C882243A5610002F096 /* TaskDoneModel.swift */; };
		495E1C8B2243A9310002F096 /* InProgressDetails.swift in Sources */ = {isa = PBXBuildFile; fileRef = 495E1C8A2243A9310002F096 /* InProgressDetails.swift */; };
		495E1C8D2243A9390002F096 /* DoneDetails.swift in Sources */ = {isa = PBXBuildFile; fileRef = 495E1C8C2243A9390002F096 /* DoneDetails.swift */; };
		495E1C8F2243A9410002F096 /* DoneDetailsModel.swift in Sources */ = {isa = PBXBuildFile; fileRef = 495E1C8E2243A9410002F096 /* DoneDetailsModel.swift */; };
		495E1C912243A9500002F096 /* InProgressDetailsModel.swift in Sources */ = {isa = PBXBuildFile; fileRef = 495E1C902243A94F0002F096 /* InProgressDetailsModel.swift */; };
		495E1C952243DE340002F096 /* CurrentUserCell.swift in Sources */ = {isa = PBXBuildFile; fileRef = 495E1C942243DE340002F096 /* CurrentUserCell.swift */; };
		49809C492223E61500295608 /* Spaces.storyboard in Resources */ = {isa = PBXBuildFile; fileRef = 49809C472223E61500295608 /* Spaces.storyboard */; };
		49809C4B2223E61500295608 /* Assets.xcassets in Resources */ = {isa = PBXBuildFile; fileRef = 49809C4A2223E61500295608 /* Assets.xcassets */; };
		49809C4E2223E61500295608 /* LaunchScreen.storyboard in Resources */ = {isa = PBXBuildFile; fileRef = 49809C4C2223E61500295608 /* LaunchScreen.storyboard */; };
		49809C562223EE9900295608 /* GoogleService-Info.plist in Resources */ = {isa = PBXBuildFile; fileRef = 49809C552223EE9900295608 /* GoogleService-Info.plist */; };
		499D7EAF2225733B00694DD6 /* CreateASpaceController.swift in Sources */ = {isa = PBXBuildFile; fileRef = 499D7EAE2225733B00694DD6 /* CreateASpaceController.swift */; };
		499D7EB1222573DC00694DD6 /* JoinASpaceController.swift in Sources */ = {isa = PBXBuildFile; fileRef = 499D7EB0222573DC00694DD6 /* JoinASpaceController.swift */; };
		499D7EB422257BF900694DD6 /* OtherSpacesCell.swift in Sources */ = {isa = PBXBuildFile; fileRef = 499D7EB322257BF900694DD6 /* OtherSpacesCell.swift */; };
		49B7A6332238F7BB00D4A8EC /* ChatsCell.swift in Sources */ = {isa = PBXBuildFile; fileRef = 49B7A6322238F7BB00D4A8EC /* ChatsCell.swift */; };
		49B7A6382239237B00D4A8EC /* TasksModel.swift in Sources */ = {isa = PBXBuildFile; fileRef = 49B7A6372239237B00D4A8EC /* TasksModel.swift */; };
		49B7A63D22392BE200D4A8EC /* UIColor.swift in Sources */ = {isa = PBXBuildFile; fileRef = 49B7A63C22392BE200D4A8EC /* UIColor.swift */; };
		49B7A64122394EC800D4A8EC /* ChatsModel.swift in Sources */ = {isa = PBXBuildFile; fileRef = 49B7A64022394EC800D4A8EC /* ChatsModel.swift */; };
		49B7A6462239521600D4A8EC /* CreateChat.swift in Sources */ = {isa = PBXBuildFile; fileRef = 49B7A6452239521600D4A8EC /* CreateChat.swift */; };
		49CBE2E72227CEEA00DFE240 /* FlowController.swift in Sources */ = {isa = PBXBuildFile; fileRef = 49CBE2E62227CEEA00DFE240 /* FlowController.swift */; };
		49CBE2E92227E56600DFE240 /* Greeting.storyboard in Resources */ = {isa = PBXBuildFile; fileRef = 49CBE2E82227E56600DFE240 /* Greeting.storyboard */; };
		49CBE2EB2227FAAC00DFE240 /* CreateASpaceModel.swift in Sources */ = {isa = PBXBuildFile; fileRef = 49CBE2EA2227FAAC00DFE240 /* CreateASpaceModel.swift */; };
		49CBE2F022281BFF00DFE240 /* JoinASapceModel.swift in Sources */ = {isa = PBXBuildFile; fileRef = 49CBE2EF22281BFF00DFE240 /* JoinASapceModel.swift */; };
		49E0413B22326B4800BCF2CA /* MainViewController.swift in Sources */ = {isa = PBXBuildFile; fileRef = 49E0413A22326B4800BCF2CA /* MainViewController.swift */; };
		49E0413D22326B5500BCF2CA /* MainFlow.swift in Sources */ = {isa = PBXBuildFile; fileRef = 49E0413C22326B5500BCF2CA /* MainFlow.swift */; };
		49E0413F22327A1000BCF2CA /* NavController.swift in Sources */ = {isa = PBXBuildFile; fileRef = 49E0413E22327A1000BCF2CA /* NavController.swift */; };
		49E50E9D222FC44500FFD8B7 /* Main.storyboard in Resources */ = {isa = PBXBuildFile; fileRef = 49E50E9C222FC44500FFD8B7 /* Main.storyboard */; };
		49E50E9F222FCB3000FFD8B7 /* DummyUserService.swift in Sources */ = {isa = PBXBuildFile; fileRef = 49E50E9E222FCB3000FFD8B7 /* DummyUserService.swift */; };
		49E50EA7222FD5B500FFD8B7 /* Event_PlannerTests.swift in Sources */ = {isa = PBXBuildFile; fileRef = 49E50EA6222FD5B500FFD8B7 /* Event_PlannerTests.swift */; };
		49FE6E06222D4109004FAD45 /* Strings.swift in Sources */ = {isa = PBXBuildFile; fileRef = 49FE6E05222D4109004FAD45 /* Strings.swift */; };
/* End PBXBuildFile section */

/* Begin PBXContainerItemProxy section */
		4911E174223022D300EB8474 /* PBXContainerItemProxy */ = {
			isa = PBXContainerItemProxy;
			containerPortal = 49809C382223E61500295608 /* Project object */;
			proxyType = 1;
			remoteGlobalIDString = 49809C3F2223E61500295608;
			remoteInfo = Event_Planner;
		};
		49E50EA9222FD5B500FFD8B7 /* PBXContainerItemProxy */ = {
			isa = PBXContainerItemProxy;
			containerPortal = 49809C382223E61500295608 /* Project object */;
			proxyType = 1;
			remoteGlobalIDString = 49809C3F2223E61500295608;
			remoteInfo = Event_Planner;
		};
/* End PBXContainerItemProxy section */

/* Begin PBXFileReference section */
		41BA0A7A0FA3D970FCE2407E /* Pods-Event_Planner.release.xcconfig */ = {isa = PBXFileReference; includeInIndex = 1; lastKnownFileType = text.xcconfig; name = "Pods-Event_Planner.release.xcconfig"; path = "Target Support Files/Pods-Event_Planner/Pods-Event_Planner.release.xcconfig"; sourceTree = "<group>"; };
		4902A1A22229214900580D44 /* UserService.swift */ = {isa = PBXFileReference; lastKnownFileType = sourcecode.swift; path = UserService.swift; sourceTree = "<group>"; };
		4902A1A522297D7300580D44 /* PDependencies.swift */ = {isa = PBXFileReference; lastKnownFileType = sourcecode.swift; path = PDependencies.swift; sourceTree = "<group>"; };
		4904C86522369ADE00A31D98 /* TasksCell.swift */ = {isa = PBXFileReference; lastKnownFileType = sourcecode.swift; path = TasksCell.swift; sourceTree = "<group>"; };
		490543BF2245106800FC28A1 /* AddTotalBudget.swift */ = {isa = PBXFileReference; lastKnownFileType = sourcecode.swift; path = AddTotalBudget.swift; sourceTree = "<group>"; };
		490543C1224510AE00FC28A1 /* AddTotalBudgetModel.swift */ = {isa = PBXFileReference; lastKnownFileType = sourcecode.swift; path = AddTotalBudgetModel.swift; sourceTree = "<group>"; };
		490D03E9223B9BC0000E6878 /* ConfigureModel.swift */ = {isa = PBXFileReference; lastKnownFileType = sourcecode.swift; path = ConfigureModel.swift; sourceTree = "<group>"; };
		490D03EB223BA5A1000E6878 /* CreateChatModel.swift */ = {isa = PBXFileReference; lastKnownFileType = sourcecode.swift; path = CreateChatModel.swift; sourceTree = "<group>"; };
		490D4B1F223BC82F00E07DB3 /* ChatController.swift */ = {isa = PBXFileReference; lastKnownFileType = sourcecode.swift; path = ChatController.swift; sourceTree = "<group>"; };
		490D4B21223BC88A00E07DB3 /* SingleChat.storyboard */ = {isa = PBXFileReference; lastKnownFileType = file.storyboard; path = SingleChat.storyboard; sourceTree = "<group>"; };
		490D4B24223BCAF300E07DB3 /* ChatCell.swift */ = {isa = PBXFileReference; lastKnownFileType = sourcecode.swift; path = ChatCell.swift; sourceTree = "<group>"; };
		490D4B27223F981500E07DB3 /* ChatModel.swift */ = {isa = PBXFileReference; lastKnownFileType = sourcecode.swift; path = ChatModel.swift; sourceTree = "<group>"; };
		490D4B29223FB29C00E07DB3 /* IdeaTopic.storyboard */ = {isa = PBXFileReference; lastKnownFileType = file.storyboard; path = IdeaTopic.storyboard; sourceTree = "<group>"; };
		490D4B2C223FB44100E07DB3 /* AddTopicModel.swift */ = {isa = PBXFileReference; lastKnownFileType = sourcecode.swift; path = AddTopicModel.swift; sourceTree = "<group>"; };
		490D4B2E223FC94500E07DB3 /* IdeaTopicModel.swift */ = {isa = PBXFileReference; lastKnownFileType = sourcecode.swift; path = IdeaTopicModel.swift; sourceTree = "<group>"; };
		490D4B33223FD76200E07DB3 /* TaskNeedsDoing.swift */ = {isa = PBXFileReference; lastKnownFileType = sourcecode.swift; path = TaskNeedsDoing.swift; sourceTree = "<group>"; };
		490D4B35223FD77000E07DB3 /* TaskInProgress.swift */ = {isa = PBXFileReference; lastKnownFileType = sourcecode.swift; path = TaskInProgress.swift; sourceTree = "<group>"; };
		490D4B37223FD77700E07DB3 /* TaskDone.swift */ = {isa = PBXFileReference; lastKnownFileType = sourcecode.swift; path = TaskDone.swift; sourceTree = "<group>"; };
		490D4B39223FD8FF00E07DB3 /* TaskTopic.storyboard */ = {isa = PBXFileReference; lastKnownFileType = file.storyboard; path = TaskTopic.storyboard; sourceTree = "<group>"; };
		490D4B3E2240DEA700E07DB3 /* AddBudgetField.swift */ = {isa = PBXFileReference; lastKnownFileType = sourcecode.swift; path = AddBudgetField.swift; sourceTree = "<group>"; };
		490D4B402240E4B400E07DB3 /* AddBudgetModel.swift */ = {isa = PBXFileReference; lastKnownFileType = sourcecode.swift; path = AddBudgetModel.swift; sourceTree = "<group>"; };
		490D4B4322412CE300E07DB3 /* AddIdea.swift */ = {isa = PBXFileReference; lastKnownFileType = sourcecode.swift; path = AddIdea.swift; sourceTree = "<group>"; };
		490D4B4522412E9000E07DB3 /* AddIdeaModel.swift */ = {isa = PBXFileReference; lastKnownFileType = sourcecode.swift; path = AddIdeaModel.swift; sourceTree = "<group>"; };
		490D4B4722421E2D00E07DB3 /* BudgetFieldStructure.swift */ = {isa = PBXFileReference; lastKnownFileType = sourcecode.swift; path = BudgetFieldStructure.swift; sourceTree = "<group>"; };
		49108CD0223A427C00C6A160 /* AddTopicController.swift */ = {isa = PBXFileReference; lastKnownFileType = sourcecode.swift; path = AddTopicController.swift; sourceTree = "<group>"; };
		49108CD2223A436300C6A160 /* IdeasModel.swift */ = {isa = PBXFileReference; lastKnownFileType = sourcecode.swift; path = IdeasModel.swift; sourceTree = "<group>"; };
		49108CD5223A54A200C6A160 /* BudgetCell.swift */ = {isa = PBXFileReference; lastKnownFileType = sourcecode.swift; path = BudgetCell.swift; sourceTree = "<group>"; };
		49108CD7223A59BB00C6A160 /* BudgetModel.swift */ = {isa = PBXFileReference; lastKnownFileType = sourcecode.swift; path = BudgetModel.swift; sourceTree = "<group>"; };
		49108CDA223A5A3600C6A160 /* ConfigureBudget.swift */ = {isa = PBXFileReference; lastKnownFileType = sourcecode.swift; path = ConfigureBudget.swift; sourceTree = "<group>"; };
		49108CDD223A8A4D00C6A160 /* FieldCell.swift */ = {isa = PBXFileReference; lastKnownFileType = sourcecode.swift; path = FieldCell.swift; sourceTree = "<group>"; };
		49108CE0223AA5BD00C6A160 /* IdeaTopic.swift */ = {isa = PBXFileReference; lastKnownFileType = sourcecode.swift; path = IdeaTopic.swift; sourceTree = "<group>"; };
		49108CE2223AA72C00C6A160 /* IdeaCell.swift */ = {isa = PBXFileReference; lastKnownFileType = sourcecode.swift; path = IdeaCell.swift; sourceTree = "<group>"; };
		49108CE4223AA7DB00C6A160 /* TopicCell.swift */ = {isa = PBXFileReference; lastKnownFileType = sourcecode.swift; path = TopicCell.swift; sourceTree = "<group>"; };
		4911E167223021A700EB8474 /* PUserService.swift */ = {isa = PBXFileReference; lastKnownFileType = sourcecode.swift; path = PUserService.swift; sourceTree = "<group>"; };
		4911E16F223022D300EB8474 /* UserService Test.xctest */ = {isa = PBXFileReference; explicitFileType = wrapper.cfbundle; includeInIndex = 0; path = "UserService Test.xctest"; sourceTree = BUILT_PRODUCTS_DIR; };
		4911E171223022D300EB8474 /* LoginFunc_Test.swift */ = {isa = PBXFileReference; lastKnownFileType = sourcecode.swift; path = LoginFunc_Test.swift; sourceTree = "<group>"; };
		4911E173223022D300EB8474 /* Info.plist */ = {isa = PBXFileReference; lastKnownFileType = text.plist.xml; path = Info.plist; sourceTree = "<group>"; };
		4926DD68222EBA8D00F1DB4E /* MySpacesCell.swift */ = {isa = PBXFileReference; lastKnownFileType = sourcecode.swift; path = MySpacesCell.swift; sourceTree = "<group>"; };
		4935AB142232869F0061AE47 /* MainModel.swift */ = {isa = PBXFileReference; lastKnownFileType = sourcecode.swift; path = MainModel.swift; sourceTree = "<group>"; };
		4935AB162232873D0061AE47 /* Ideas.storyboard */ = {isa = PBXFileReference; lastKnownFileType = file.storyboard; path = Ideas.storyboard; sourceTree = "<group>"; };
		4935AB18223287440061AE47 /* Chat.storyboard */ = {isa = PBXFileReference; lastKnownFileType = file.storyboard; path = Chat.storyboard; sourceTree = "<group>"; };
		4935AB1A2232874C0061AE47 /* Budget.storyboard */ = {isa = PBXFileReference; lastKnownFileType = file.storyboard; path = Budget.storyboard; sourceTree = "<group>"; };
		4935AB1C223287730061AE47 /* Tasks.storyboard */ = {isa = PBXFileReference; lastKnownFileType = file.storyboard; path = Tasks.storyboard; sourceTree = "<group>"; };
		4935AB222232884A0061AE47 /* IdeasController.swift */ = {isa = PBXFileReference; lastKnownFileType = sourcecode.swift; path = IdeasController.swift; sourceTree = "<group>"; };
		4935AB282232888C0061AE47 /* ChatsController.swift */ = {isa = PBXFileReference; lastKnownFileType = sourcecode.swift; path = ChatsController.swift; sourceTree = "<group>"; };
		4935AB2A223288950061AE47 /* TasksController.swift */ = {isa = PBXFileReference; lastKnownFileType = sourcecode.swift; path = TasksController.swift; sourceTree = "<group>"; };
		4935AB2C223288A00061AE47 /* BudgetController.swift */ = {isa = PBXFileReference; lastKnownFileType = sourcecode.swift; path = BudgetController.swift; sourceTree = "<group>"; };
		493A9588224B5E9C007171F0 /* SpaceDO.swift */ = {isa = PBXFileReference; lastKnownFileType = sourcecode.swift; path = SpaceDO.swift; sourceTree = "<group>"; };
		493A958A224BAA39007171F0 /* IdeaService.swift */ = {isa = PBXFileReference; lastKnownFileType = sourcecode.swift; path = IdeaService.swift; sourceTree = "<group>"; };
		493A958C224BAA45007171F0 /* PIdeaService.swift */ = {isa = PBXFileReference; lastKnownFileType = sourcecode.swift; path = PIdeaService.swift; sourceTree = "<group>"; };
		493A958E224BAAAE007171F0 /* IdeaDO.swift */ = {isa = PBXFileReference; lastKnownFileType = sourcecode.swift; path = IdeaDO.swift; sourceTree = "<group>"; };
		493A9592224BAB0E007171F0 /* TopicDO.swift */ = {isa = PBXFileReference; lastKnownFileType = sourcecode.swift; path = TopicDO.swift; sourceTree = "<group>"; };
		493E4E3C224CB7B40009993A /* MessageDO.swift */ = {isa = PBXFileReference; lastKnownFileType = sourcecode.swift; path = MessageDO.swift; sourceTree = "<group>"; };
		493E4E3E224CB8660009993A /* ChatDO.swift */ = {isa = PBXFileReference; lastKnownFileType = sourcecode.swift; path = ChatDO.swift; sourceTree = "<group>"; };
		493E4E44224CB95F0009993A /* PChatService.swift */ = {isa = PBXFileReference; lastKnownFileType = sourcecode.swift; path = PChatService.swift; sourceTree = "<group>"; };
		493E4E46224CB9720009993A /* ChatService.swift */ = {isa = PBXFileReference; lastKnownFileType = sourcecode.swift; path = ChatService.swift; sourceTree = "<group>"; };
		493E4E48224CD3950009993A /* TaskDO.swift */ = {isa = PBXFileReference; lastKnownFileType = sourcecode.swift; path = TaskDO.swift; sourceTree = "<group>"; };
		49451A212224426100AC8350 /* GreetingVC.swift */ = {isa = PBXFileReference; fileEncoding = 4; lastKnownFileType = sourcecode.swift; path = GreetingVC.swift; sourceTree = "<group>"; };
		49451A222224426100AC8350 /* GreetingModel.swift */ = {isa = PBXFileReference; fileEncoding = 4; lastKnownFileType = sourcecode.swift; path = GreetingModel.swift; sourceTree = "<group>"; };
		49451A242224426100AC8350 /* SignUpModel.swift */ = {isa = PBXFileReference; fileEncoding = 4; lastKnownFileType = sourcecode.swift; path = SignUpModel.swift; sourceTree = "<group>"; };
		49451A252224426100AC8350 /* SignUpVC.swift */ = {isa = PBXFileReference; fileEncoding = 4; lastKnownFileType = sourcecode.swift; path = SignUpVC.swift; sourceTree = "<group>"; };
		49451A272224426100AC8350 /* Background.swift */ = {isa = PBXFileReference; fileEncoding = 4; lastKnownFileType = sourcecode.swift; path = Background.swift; sourceTree = "<group>"; };
		49451A292224426100AC8350 /* AppDelegate.swift */ = {isa = PBXFileReference; fileEncoding = 4; lastKnownFileType = sourcecode.swift; path = AppDelegate.swift; sourceTree = "<group>"; };
		49451A2B2224426100AC8350 /* MySpacesVC.swift */ = {isa = PBXFileReference; fileEncoding = 4; lastKnownFileType = sourcecode.swift; path = MySpacesVC.swift; sourceTree = "<group>"; };
		49451A2D2224426100AC8350 /* MySpacesModel.swift */ = {isa = PBXFileReference; fileEncoding = 4; lastKnownFileType = sourcecode.swift; path = MySpacesModel.swift; sourceTree = "<group>"; };
		49451A322224426100AC8350 /* AppFlow.swift */ = {isa = PBXFileReference; fileEncoding = 4; lastKnownFileType = sourcecode.swift; path = AppFlow.swift; sourceTree = "<group>"; };
		49451A332224426100AC8350 /* SpacesFlow.swift */ = {isa = PBXFileReference; fileEncoding = 4; lastKnownFileType = sourcecode.swift; path = SpacesFlow.swift; sourceTree = "<group>"; };
		49451A352224426100AC8350 /* GreetingFlow.swift */ = {isa = PBXFileReference; fileEncoding = 4; lastKnownFileType = sourcecode.swift; path = GreetingFlow.swift; sourceTree = "<group>"; };
		49451A372224426100AC8350 /* LoginModel.swift */ = {isa = PBXFileReference; fileEncoding = 4; lastKnownFileType = sourcecode.swift; path = LoginModel.swift; sourceTree = "<group>"; };
		49451A382224426100AC8350 /* LogInVC.swift */ = {isa = PBXFileReference; fileEncoding = 4; lastKnownFileType = sourcecode.swift; path = LogInVC.swift; sourceTree = "<group>"; };
		49459D09222E63B10020A8BA /* TextBoxSubclass.swift */ = {isa = PBXFileReference; lastKnownFileType = sourcecode.swift; path = TextBoxSubclass.swift; sourceTree = "<group>"; };
		49498E84224A26A5008D2475 /* AddTaskTopic.swift */ = {isa = PBXFileReference; lastKnownFileType = sourcecode.swift; path = AddTaskTopic.swift; sourceTree = "<group>"; };
		49498E86224A26CF008D2475 /* AddTaskTopicModel.swift */ = {isa = PBXFileReference; lastKnownFileType = sourcecode.swift; path = AddTaskTopicModel.swift; sourceTree = "<group>"; };
		49498E89224A5A03008D2475 /* SpaceService.swift */ = {isa = PBXFileReference; lastKnownFileType = sourcecode.swift; path = SpaceService.swift; sourceTree = "<group>"; };
		49498E8C224A5AD4008D2475 /* PSpaceService.swift */ = {isa = PBXFileReference; lastKnownFileType = sourcecode.swift; path = PSpaceService.swift; sourceTree = "<group>"; };
		495E1C6522424C030002F096 /* TaskNeedsDoingCell.swift */ = {isa = PBXFileReference; lastKnownFileType = sourcecode.swift; path = TaskNeedsDoingCell.swift; sourceTree = "<group>"; };
		495E1C6722424C100002F096 /* TaskInProgressCell.swift */ = {isa = PBXFileReference; lastKnownFileType = sourcecode.swift; path = TaskInProgressCell.swift; sourceTree = "<group>"; };
		495E1C6922424C170002F096 /* TaskDoneCell.swift */ = {isa = PBXFileReference; lastKnownFileType = sourcecode.swift; path = TaskDoneCell.swift; sourceTree = "<group>"; };
		495E1C6B22425E540002F096 /* AddTask.swift */ = {isa = PBXFileReference; lastKnownFileType = sourcecode.swift; path = AddTask.swift; sourceTree = "<group>"; };
		495E1C6D224266B40002F096 /* TaskNeedsDoingModel.swift */ = {isa = PBXFileReference; lastKnownFileType = sourcecode.swift; path = TaskNeedsDoingModel.swift; sourceTree = "<group>"; };
		495E1C6F2242751F0002F096 /* AddTaskModel.swift */ = {isa = PBXFileReference; lastKnownFileType = sourcecode.swift; path = AddTaskModel.swift; sourceTree = "<group>"; };
		495E1C73224296CF0002F096 /* BudgetFlow.swift */ = {isa = PBXFileReference; lastKnownFileType = sourcecode.swift; path = BudgetFlow.swift; sourceTree = "<group>"; };
		495E1C752242975C0002F096 /* IdeasFlow.swift */ = {isa = PBXFileReference; lastKnownFileType = sourcecode.swift; path = IdeasFlow.swift; sourceTree = "<group>"; };
		495E1C77224297650002F096 /* ChatsFlow.swift */ = {isa = PBXFileReference; lastKnownFileType = sourcecode.swift; path = ChatsFlow.swift; sourceTree = "<group>"; };
		495E1C79224297800002F096 /* TasksFlow.swift */ = {isa = PBXFileReference; lastKnownFileType = sourcecode.swift; path = TasksFlow.swift; sourceTree = "<group>"; };
		495E1C7C224374EA0002F096 /* ButtonSubclass.swift */ = {isa = PBXFileReference; lastKnownFileType = sourcecode.swift; path = ButtonSubclass.swift; sourceTree = "<group>"; };
		495E1C7F22437CE00002F096 /* AddTask.storyboard */ = {isa = PBXFileReference; lastKnownFileType = file.storyboard; path = AddTask.storyboard; sourceTree = "<group>"; };
		495E1C8222437EC70002F096 /* NeedsDoingDetails.swift */ = {isa = PBXFileReference; lastKnownFileType = sourcecode.swift; path = NeedsDoingDetails.swift; sourceTree = "<group>"; };
		495E1C84224393D80002F096 /* NeedsDoingDetailsModel.swift */ = {isa = PBXFileReference; lastKnownFileType = sourcecode.swift; path = NeedsDoingDetailsModel.swift; sourceTree = "<group>"; };
		495E1C862243A5420002F096 /* TaskInProgressModel.swift */ = {isa = PBXFileReference; lastKnownFileType = sourcecode.swift; path = TaskInProgressModel.swift; sourceTree = "<group>"; };
		495E1C882243A5610002F096 /* TaskDoneModel.swift */ = {isa = PBXFileReference; lastKnownFileType = sourcecode.swift; path = TaskDoneModel.swift; sourceTree = "<group>"; };
		495E1C8A2243A9310002F096 /* InProgressDetails.swift */ = {isa = PBXFileReference; lastKnownFileType = sourcecode.swift; path = InProgressDetails.swift; sourceTree = "<group>"; };
		495E1C8C2243A9390002F096 /* DoneDetails.swift */ = {isa = PBXFileReference; lastKnownFileType = sourcecode.swift; path = DoneDetails.swift; sourceTree = "<group>"; };
		495E1C8E2243A9410002F096 /* DoneDetailsModel.swift */ = {isa = PBXFileReference; lastKnownFileType = sourcecode.swift; path = DoneDetailsModel.swift; sourceTree = "<group>"; };
		495E1C902243A94F0002F096 /* InProgressDetailsModel.swift */ = {isa = PBXFileReference; lastKnownFileType = sourcecode.swift; path = InProgressDetailsModel.swift; sourceTree = "<group>"; };
		495E1C942243DE340002F096 /* CurrentUserCell.swift */ = {isa = PBXFileReference; lastKnownFileType = sourcecode.swift; path = CurrentUserCell.swift; sourceTree = "<group>"; };
		49809C402223E61500295608 /* Event_Planner.app */ = {isa = PBXFileReference; explicitFileType = wrapper.application; includeInIndex = 0; path = Event_Planner.app; sourceTree = BUILT_PRODUCTS_DIR; };
		49809C482223E61500295608 /* Base */ = {isa = PBXFileReference; lastKnownFileType = file.storyboard; name = Base; path = Base.lproj/Spaces.storyboard; sourceTree = "<group>"; };
		49809C4A2223E61500295608 /* Assets.xcassets */ = {isa = PBXFileReference; lastKnownFileType = folder.assetcatalog; path = Assets.xcassets; sourceTree = "<group>"; };
		49809C4D2223E61500295608 /* Base */ = {isa = PBXFileReference; lastKnownFileType = file.storyboard; name = Base; path = Base.lproj/LaunchScreen.storyboard; sourceTree = "<group>"; };
		49809C4F2223E61500295608 /* Info.plist */ = {isa = PBXFileReference; lastKnownFileType = text.plist.xml; path = Info.plist; sourceTree = "<group>"; };
		49809C552223EE9900295608 /* GoogleService-Info.plist */ = {isa = PBXFileReference; fileEncoding = 4; lastKnownFileType = text.plist.xml; path = "GoogleService-Info.plist"; sourceTree = "<group>"; };
		499D7EAE2225733B00694DD6 /* CreateASpaceController.swift */ = {isa = PBXFileReference; lastKnownFileType = sourcecode.swift; path = CreateASpaceController.swift; sourceTree = "<group>"; };
		499D7EB0222573DC00694DD6 /* JoinASpaceController.swift */ = {isa = PBXFileReference; lastKnownFileType = sourcecode.swift; path = JoinASpaceController.swift; sourceTree = "<group>"; };
		499D7EB322257BF900694DD6 /* OtherSpacesCell.swift */ = {isa = PBXFileReference; lastKnownFileType = sourcecode.swift; path = OtherSpacesCell.swift; sourceTree = "<group>"; };
		49B7A6322238F7BB00D4A8EC /* ChatsCell.swift */ = {isa = PBXFileReference; lastKnownFileType = sourcecode.swift; path = ChatsCell.swift; sourceTree = "<group>"; };
		49B7A6372239237B00D4A8EC /* TasksModel.swift */ = {isa = PBXFileReference; lastKnownFileType = sourcecode.swift; path = TasksModel.swift; sourceTree = "<group>"; };
		49B7A63C22392BE200D4A8EC /* UIColor.swift */ = {isa = PBXFileReference; lastKnownFileType = sourcecode.swift; path = UIColor.swift; sourceTree = "<group>"; };
		49B7A64022394EC800D4A8EC /* ChatsModel.swift */ = {isa = PBXFileReference; lastKnownFileType = sourcecode.swift; path = ChatsModel.swift; sourceTree = "<group>"; };
		49B7A6452239521600D4A8EC /* CreateChat.swift */ = {isa = PBXFileReference; lastKnownFileType = sourcecode.swift; path = CreateChat.swift; sourceTree = "<group>"; };
		49CBE2E62227CEEA00DFE240 /* FlowController.swift */ = {isa = PBXFileReference; lastKnownFileType = sourcecode.swift; path = FlowController.swift; sourceTree = "<group>"; };
		49CBE2E82227E56600DFE240 /* Greeting.storyboard */ = {isa = PBXFileReference; lastKnownFileType = file.storyboard; path = Greeting.storyboard; sourceTree = "<group>"; };
		49CBE2EA2227FAAC00DFE240 /* CreateASpaceModel.swift */ = {isa = PBXFileReference; lastKnownFileType = sourcecode.swift; path = CreateASpaceModel.swift; sourceTree = "<group>"; };
		49CBE2EF22281BFF00DFE240 /* JoinASapceModel.swift */ = {isa = PBXFileReference; lastKnownFileType = sourcecode.swift; path = JoinASapceModel.swift; sourceTree = "<group>"; };
		49E0413A22326B4800BCF2CA /* MainViewController.swift */ = {isa = PBXFileReference; lastKnownFileType = sourcecode.swift; path = MainViewController.swift; sourceTree = "<group>"; };
		49E0413C22326B5500BCF2CA /* MainFlow.swift */ = {isa = PBXFileReference; lastKnownFileType = sourcecode.swift; path = MainFlow.swift; sourceTree = "<group>"; };
		49E0413E22327A1000BCF2CA /* NavController.swift */ = {isa = PBXFileReference; lastKnownFileType = sourcecode.swift; path = NavController.swift; sourceTree = "<group>"; };
		49E50E9C222FC44500FFD8B7 /* Main.storyboard */ = {isa = PBXFileReference; lastKnownFileType = file.storyboard; path = Main.storyboard; sourceTree = "<group>"; };
		49E50E9E222FCB3000FFD8B7 /* DummyUserService.swift */ = {isa = PBXFileReference; lastKnownFileType = sourcecode.swift; path = DummyUserService.swift; sourceTree = "<group>"; };
		49E50EA4222FD5B500FFD8B7 /* Event_PlannerTests.xctest */ = {isa = PBXFileReference; explicitFileType = wrapper.cfbundle; includeInIndex = 0; path = Event_PlannerTests.xctest; sourceTree = BUILT_PRODUCTS_DIR; };
		49E50EA6222FD5B500FFD8B7 /* Event_PlannerTests.swift */ = {isa = PBXFileReference; lastKnownFileType = sourcecode.swift; path = Event_PlannerTests.swift; sourceTree = "<group>"; };
		49E50EA8222FD5B500FFD8B7 /* Info.plist */ = {isa = PBXFileReference; lastKnownFileType = text.plist.xml; path = Info.plist; sourceTree = "<group>"; };
		49FE6E05222D4109004FAD45 /* Strings.swift */ = {isa = PBXFileReference; lastKnownFileType = sourcecode.swift; path = Strings.swift; sourceTree = "<group>"; };
		A57EBC55AC46D9C331ABCD28 /* Pods_Event_Planner.framework */ = {isa = PBXFileReference; explicitFileType = wrapper.framework; includeInIndex = 0; path = Pods_Event_Planner.framework; sourceTree = BUILT_PRODUCTS_DIR; };
		D6B62B1916119573263F5681 /* Pods-Event_Planner.debug.xcconfig */ = {isa = PBXFileReference; includeInIndex = 1; lastKnownFileType = text.xcconfig; name = "Pods-Event_Planner.debug.xcconfig"; path = "Target Support Files/Pods-Event_Planner/Pods-Event_Planner.debug.xcconfig"; sourceTree = "<group>"; };
/* End PBXFileReference section */

/* Begin PBXFrameworksBuildPhase section */
		4911E16C223022D300EB8474 /* Frameworks */ = {
			isa = PBXFrameworksBuildPhase;
			buildActionMask = 2147483647;
			files = (
			);
			runOnlyForDeploymentPostprocessing = 0;
		};
		49809C3D2223E61500295608 /* Frameworks */ = {
			isa = PBXFrameworksBuildPhase;
			buildActionMask = 2147483647;
			files = (
				3F599E29EFBFEDD4DB1E6C3A /* Pods_Event_Planner.framework in Frameworks */,
			);
			runOnlyForDeploymentPostprocessing = 0;
		};
		49E50EA1222FD5B500FFD8B7 /* Frameworks */ = {
			isa = PBXFrameworksBuildPhase;
			buildActionMask = 2147483647;
			files = (
			);
			runOnlyForDeploymentPostprocessing = 0;
		};
/* End PBXFrameworksBuildPhase section */

/* Begin PBXGroup section */
		4902A1A02229212100580D44 /* Services */ = {
			isa = PBXGroup;
			children = (
				49498E88224A59D8008D2475 /* FirebaseService */,
				49FE6E04222D40F3004FAD45 /* Constants */,
				4902A1A422297D6400580D44 /* PDependencies */,
				4902A1A12229212C00580D44 /* User Services */,
			);
			path = Services;
			sourceTree = "<group>";
		};
		4902A1A12229212C00580D44 /* User Services */ = {
			isa = PBXGroup;
			children = (
				4902A1A22229214900580D44 /* UserService.swift */,
				49E50E9E222FCB3000FFD8B7 /* DummyUserService.swift */,
				4911E167223021A700EB8474 /* PUserService.swift */,
			);
			path = "User Services";
			sourceTree = "<group>";
		};
		4902A1A422297D6400580D44 /* PDependencies */ = {
			isa = PBXGroup;
			children = (
				4902A1A522297D7300580D44 /* PDependencies.swift */,
			);
			path = PDependencies;
			sourceTree = "<group>";
		};
		4904C86422369A7D00A31D98 /* Cell */ = {
			isa = PBXGroup;
			children = (
				4904C86522369ADE00A31D98 /* TasksCell.swift */,
			);
			path = Cell;
			sourceTree = "<group>";
		};
		490D4B1E223BC71800E07DB3 /* Chat */ = {
			isa = PBXGroup;
			children = (
				490D4B1F223BC82F00E07DB3 /* ChatController.swift */,
				490D4B27223F981500E07DB3 /* ChatModel.swift */,
				490D4B21223BC88A00E07DB3 /* SingleChat.storyboard */,
				490D4B23223BCA9600E07DB3 /* Cell */,
			);
			path = Chat;
			sourceTree = "<group>";
		};
		490D4B23223BCA9600E07DB3 /* Cell */ = {
			isa = PBXGroup;
			children = (
				490D4B24223BCAF300E07DB3 /* ChatCell.swift */,
				495E1C942243DE340002F096 /* CurrentUserCell.swift */,
			);
			path = Cell;
			sourceTree = "<group>";
		};
		490D4B2B223FB2EC00E07DB3 /* cell */ = {
			isa = PBXGroup;
			children = (
				49108CE2223AA72C00C6A160 /* IdeaCell.swift */,
			);
			path = cell;
			sourceTree = "<group>";
		};
		490D4B30223FD6EC00E07DB3 /* Task */ = {
			isa = PBXGroup;
			children = (
				490D4B33223FD76200E07DB3 /* TaskNeedsDoing.swift */,
				495E1C6D224266B40002F096 /* TaskNeedsDoingModel.swift */,
				490D4B35223FD77000E07DB3 /* TaskInProgress.swift */,
				495E1C862243A5420002F096 /* TaskInProgressModel.swift */,
				490D4B37223FD77700E07DB3 /* TaskDone.swift */,
				495E1C882243A5610002F096 /* TaskDoneModel.swift */,
				490D4B39223FD8FF00E07DB3 /* TaskTopic.storyboard */,
				495E1C8122437E9B0002F096 /* TaskDetails */,
				495E1C7E22437B810002F096 /* TaskAddTask */,
				495E1C6422424BE80002F096 /* Cells */,
			);
			path = Task;
			sourceTree = "<group>";
		};
		490D4B3D2240DE8800E07DB3 /* AddBudgetField */ = {
			isa = PBXGroup;
			children = (
				490D4B3E2240DEA700E07DB3 /* AddBudgetField.swift */,
				490D4B402240E4B400E07DB3 /* AddBudgetModel.swift */,
			);
			path = AddBudgetField;
			sourceTree = "<group>";
		};
		490D4B4222412C9A00E07DB3 /* AddIdeas */ = {
			isa = PBXGroup;
			children = (
				490D4B4322412CE300E07DB3 /* AddIdea.swift */,
				490D4B4522412E9000E07DB3 /* AddIdeaModel.swift */,
			);
			path = AddIdeas;
			sourceTree = "<group>";
		};
		49108CCF223A424C00C6A160 /* AddTopic */ = {
			isa = PBXGroup;
			children = (
				49108CD0223A427C00C6A160 /* AddTopicController.swift */,
				490D4B2C223FB44100E07DB3 /* AddTopicModel.swift */,
			);
			path = AddTopic;
			sourceTree = "<group>";
		};
		49108CD4223A549500C6A160 /* Cell */ = {
			isa = PBXGroup;
			children = (
				49108CD5223A54A200C6A160 /* BudgetCell.swift */,
			);
			path = Cell;
			sourceTree = "<group>";
		};
		49108CD9223A5A2300C6A160 /* ConfigureBudget */ = {
			isa = PBXGroup;
			children = (
				49108CDA223A5A3600C6A160 /* ConfigureBudget.swift */,
				490D03E9223B9BC0000E6878 /* ConfigureModel.swift */,
				49108CDC223A8A2900C6A160 /* Cell */,
			);
			path = ConfigureBudget;
			sourceTree = "<group>";
		};
		49108CDC223A8A2900C6A160 /* Cell */ = {
			isa = PBXGroup;
			children = (
				49108CDD223A8A4D00C6A160 /* FieldCell.swift */,
			);
			path = Cell;
			sourceTree = "<group>";
		};
		49108CDF223AA5A000C6A160 /* IdeaTopic */ = {
			isa = PBXGroup;
			children = (
				49108CE0223AA5BD00C6A160 /* IdeaTopic.swift */,
				490D4B2E223FC94500E07DB3 /* IdeaTopicModel.swift */,
				490D4B29223FB29C00E07DB3 /* IdeaTopic.storyboard */,
				490D4B4222412C9A00E07DB3 /* AddIdeas */,
				490D4B2B223FB2EC00E07DB3 /* cell */,
			);
			path = IdeaTopic;
			sourceTree = "<group>";
		};
		4911E170223022D300EB8474 /* UserService Test */ = {
			isa = PBXGroup;
			children = (
				4911E171223022D300EB8474 /* LoginFunc_Test.swift */,
				4911E173223022D300EB8474 /* Info.plist */,
			);
			path = "UserService Test";
			sourceTree = "<group>";
		};
		4935AB1E2232878B0061AE47 /* Ideas */ = {
			isa = PBXGroup;
			children = (
				4935AB222232884A0061AE47 /* IdeasController.swift */,
				49108CD2223A436300C6A160 /* IdeasModel.swift */,
				4935AB162232873D0061AE47 /* Ideas.storyboard */,
				49108CCF223A424C00C6A160 /* AddTopic */,
				49108CDF223AA5A000C6A160 /* IdeaTopic */,
				49B7A6342239078F00D4A8EC /* Cell */,
			);
			path = Ideas;
			sourceTree = "<group>";
		};
		4935AB1F223287920061AE47 /* Chats */ = {
			isa = PBXGroup;
			children = (
				4935AB282232888C0061AE47 /* ChatsController.swift */,
				49B7A64022394EC800D4A8EC /* ChatsModel.swift */,
				4935AB18223287440061AE47 /* Chat.storyboard */,
				490D4B1E223BC71800E07DB3 /* Chat */,
				49B7A642223951F700D4A8EC /* CreateChat */,
				49B7A6312238F79800D4A8EC /* Cell */,
			);
			path = Chats;
			sourceTree = "<group>";
		};
		4935AB20223287970061AE47 /* Tasks */ = {
			isa = PBXGroup;
			children = (
				4935AB2A223288950061AE47 /* TasksController.swift */,
				49B7A6372239237B00D4A8EC /* TasksModel.swift */,
				4935AB1C223287730061AE47 /* Tasks.storyboard */,
				490D4B30223FD6EC00E07DB3 /* Task */,
				49B7A6392239269C00D4A8EC /* AddTaskTopic */,
				4904C86422369A7D00A31D98 /* Cell */,
			);
			path = Tasks;
			sourceTree = "<group>";
		};
		4935AB212232879D0061AE47 /* Budget */ = {
			isa = PBXGroup;
			children = (
				4935AB2C223288A00061AE47 /* BudgetController.swift */,
				490D4B4722421E2D00E07DB3 /* BudgetFieldStructure.swift */,
				49108CD7223A59BB00C6A160 /* BudgetModel.swift */,
				490543BF2245106800FC28A1 /* AddTotalBudget.swift */,
				490543C1224510AE00FC28A1 /* AddTotalBudgetModel.swift */,
				4935AB1A2232874C0061AE47 /* Budget.storyboard */,
				490D4B3D2240DE8800E07DB3 /* AddBudgetField */,
				49108CD9223A5A2300C6A160 /* ConfigureBudget */,
				49108CD4223A549500C6A160 /* Cell */,
			);
			path = Budget;
			sourceTree = "<group>";
		};
		493A9587224B5E67007171F0 /* Data Objects */ = {
			isa = PBXGroup;
			children = (
				493A9588224B5E9C007171F0 /* SpaceDO.swift */,
				493A958E224BAAAE007171F0 /* IdeaDO.swift */,
				493A9592224BAB0E007171F0 /* TopicDO.swift */,
				493E4E3C224CB7B40009993A /* MessageDO.swift */,
				493E4E3E224CB8660009993A /* ChatDO.swift */,
				493E4E48224CD3950009993A /* TaskDO.swift */,
			);
			path = "Data Objects";
			sourceTree = "<group>";
		};
		493E4E40224CB92E0009993A /* IdeasService */ = {
			isa = PBXGroup;
			children = (
				493A958C224BAA45007171F0 /* PIdeaService.swift */,
				493A958A224BAA39007171F0 /* IdeaService.swift */,
			);
			path = IdeasService;
			sourceTree = "<group>";
		};
		493E4E41224CB93C0009993A /* ChatService */ = {
			isa = PBXGroup;
			children = (
				493E4E44224CB95F0009993A /* PChatService.swift */,
				493E4E46224CB9720009993A /* ChatService.swift */,
			);
			path = ChatService;
			sourceTree = "<group>";
		};
		493E4E42224CB9440009993A /* TaskService */ = {
			isa = PBXGroup;
			children = (
			);
			path = TaskService;
			sourceTree = "<group>";
		};
		493E4E43224CB94B0009993A /* BudgetService */ = {
			isa = PBXGroup;
			children = (
			);
			path = BudgetService;
			sourceTree = "<group>";
		};
		49451A1F2224426100AC8350 /* Classes */ = {
			isa = PBXGroup;
			children = (
				49451A292224426100AC8350 /* AppDelegate.swift */,
				49451A202224426100AC8350 /* Greeting */,
				49451A2A2224426100AC8350 /* Spaces */,
				49E0413922326B1000BCF2CA /* Main */,
				49451A2F2224426100AC8350 /* Flows */,
				49451A262224426100AC8350 /* Extentions */,
			);
			path = Classes;
			sourceTree = "<group>";
		};
		49451A202224426100AC8350 /* Greeting */ = {
			isa = PBXGroup;
			children = (
				49451A212224426100AC8350 /* GreetingVC.swift */,
				49451A222224426100AC8350 /* GreetingModel.swift */,
				49CBE2E82227E56600DFE240 /* Greeting.storyboard */,
				49451A362224426100AC8350 /* Login */,
				49451A232224426100AC8350 /* Register */,
			);
			path = Greeting;
			sourceTree = "<group>";
		};
		49451A232224426100AC8350 /* Register */ = {
			isa = PBXGroup;
			children = (
				49451A252224426100AC8350 /* SignUpVC.swift */,
				49451A242224426100AC8350 /* SignUpModel.swift */,
			);
			path = Register;
			sourceTree = "<group>";
		};
		49451A262224426100AC8350 /* Extentions */ = {
			isa = PBXGroup;
			children = (
				49451A272224426100AC8350 /* Background.swift */,
				49459D09222E63B10020A8BA /* TextBoxSubclass.swift */,
				49B7A63C22392BE200D4A8EC /* UIColor.swift */,
				495E1C7C224374EA0002F096 /* ButtonSubclass.swift */,
			);
			path = Extentions;
			sourceTree = "<group>";
		};
		49451A2A2224426100AC8350 /* Spaces */ = {
			isa = PBXGroup;
			children = (
				49809C472223E61500295608 /* Spaces.storyboard */,
				49CBE2ED22281BBA00DFE240 /* MySpaces */,
				49CBE2EC22281B9C00DFE240 /* CreateASpace */,
				49CBE2EE22281BD000DFE240 /* JoinASpace */,
			);
			path = Spaces;
			sourceTree = "<group>";
		};
		49451A2F2224426100AC8350 /* Flows */ = {
			isa = PBXGroup;
			children = (
				49CBE2E62227CEEA00DFE240 /* FlowController.swift */,
				49451A322224426100AC8350 /* AppFlow.swift */,
				49451A352224426100AC8350 /* GreetingFlow.swift */,
				49451A332224426100AC8350 /* SpacesFlow.swift */,
				49E0413C22326B5500BCF2CA /* MainFlow.swift */,
				495E1C7B2243735B0002F096 /* MainFlow */,
			);
			path = Flows;
			sourceTree = "<group>";
		};
		49451A362224426100AC8350 /* Login */ = {
			isa = PBXGroup;
			children = (
				49451A382224426100AC8350 /* LogInVC.swift */,
				49451A372224426100AC8350 /* LoginModel.swift */,
			);
			path = Login;
			sourceTree = "<group>";
		};
		49498E88224A59D8008D2475 /* FirebaseService */ = {
			isa = PBXGroup;
			children = (
				49498E8B224A5AC4008D2475 /* SpaceService */,
				49498E8E224A788A008D2475 /* MainService */,
			);
			path = FirebaseService;
			sourceTree = "<group>";
		};
		49498E8B224A5AC4008D2475 /* SpaceService */ = {
			isa = PBXGroup;
			children = (
				49498E8C224A5AD4008D2475 /* PSpaceService.swift */,
				49498E89224A5A03008D2475 /* SpaceService.swift */,
			);
			path = SpaceService;
			sourceTree = "<group>";
		};
		49498E8E224A788A008D2475 /* MainService */ = {
			isa = PBXGroup;
			children = (
				493E4E43224CB94B0009993A /* BudgetService */,
				493E4E42224CB9440009993A /* TaskService */,
				493E4E41224CB93C0009993A /* ChatService */,
				493E4E40224CB92E0009993A /* IdeasService */,
			);
			path = MainService;
			sourceTree = "<group>";
		};
		495E1C6422424BE80002F096 /* Cells */ = {
			isa = PBXGroup;
			children = (
				495E1C6522424C030002F096 /* TaskNeedsDoingCell.swift */,
				495E1C6722424C100002F096 /* TaskInProgressCell.swift */,
				495E1C6922424C170002F096 /* TaskDoneCell.swift */,
			);
			path = Cells;
			sourceTree = "<group>";
		};
		495E1C7B2243735B0002F096 /* MainFlow */ = {
			isa = PBXGroup;
			children = (
				495E1C79224297800002F096 /* TasksFlow.swift */,
				495E1C77224297650002F096 /* ChatsFlow.swift */,
				495E1C752242975C0002F096 /* IdeasFlow.swift */,
				495E1C73224296CF0002F096 /* BudgetFlow.swift */,
			);
			path = MainFlow;
			sourceTree = "<group>";
		};
		495E1C7E22437B810002F096 /* TaskAddTask */ = {
			isa = PBXGroup;
			children = (
				495E1C6B22425E540002F096 /* AddTask.swift */,
				495E1C6F2242751F0002F096 /* AddTaskModel.swift */,
				495E1C7F22437CE00002F096 /* AddTask.storyboard */,
			);
			path = TaskAddTask;
			sourceTree = "<group>";
		};
		495E1C8122437E9B0002F096 /* TaskDetails */ = {
			isa = PBXGroup;
			children = (
				495E1C8222437EC70002F096 /* NeedsDoingDetails.swift */,
				495E1C84224393D80002F096 /* NeedsDoingDetailsModel.swift */,
				495E1C8A2243A9310002F096 /* InProgressDetails.swift */,
				495E1C902243A94F0002F096 /* InProgressDetailsModel.swift */,
				495E1C8C2243A9390002F096 /* DoneDetails.swift */,
				495E1C8E2243A9410002F096 /* DoneDetailsModel.swift */,
			);
			path = TaskDetails;
			sourceTree = "<group>";
		};
		49809C372223E61500295608 = {
			isa = PBXGroup;
			children = (
				49809C422223E61500295608 /* Event_Planner */,
				49E50EA5222FD5B500FFD8B7 /* Event_PlannerTests */,
				4911E170223022D300EB8474 /* UserService Test */,
				49809C412223E61500295608 /* Products */,
				516D2C238066C79A0A352E80 /* Pods */,
				844FF1EAD43285001C873596 /* Frameworks */,
			);
			sourceTree = "<group>";
		};
		49809C412223E61500295608 /* Products */ = {
			isa = PBXGroup;
			children = (
				49809C402223E61500295608 /* Event_Planner.app */,
				49E50EA4222FD5B500FFD8B7 /* Event_PlannerTests.xctest */,
				4911E16F223022D300EB8474 /* UserService Test.xctest */,
			);
			name = Products;
			sourceTree = "<group>";
		};
		49809C422223E61500295608 /* Event_Planner */ = {
			isa = PBXGroup;
			children = (
				493A9587224B5E67007171F0 /* Data Objects */,
				4902A1A02229212100580D44 /* Services */,
				49451A1F2224426100AC8350 /* Classes */,
				49809C4A2223E61500295608 /* Assets.xcassets */,
				49809C4C2223E61500295608 /* LaunchScreen.storyboard */,
				49809C4F2223E61500295608 /* Info.plist */,
				49809C552223EE9900295608 /* GoogleService-Info.plist */,
			);
			path = Event_Planner;
			sourceTree = "<group>";
		};
		499D7EB222257BD500694DD6 /* Cells */ = {
			isa = PBXGroup;
			children = (
				4926DD68222EBA8D00F1DB4E /* MySpacesCell.swift */,
				499D7EB322257BF900694DD6 /* OtherSpacesCell.swift */,
			);
			path = Cells;
			sourceTree = "<group>";
		};
		49B7A6312238F79800D4A8EC /* Cell */ = {
			isa = PBXGroup;
			children = (
				49B7A6322238F7BB00D4A8EC /* ChatsCell.swift */,
			);
			path = Cell;
			sourceTree = "<group>";
		};
		49B7A6342239078F00D4A8EC /* Cell */ = {
			isa = PBXGroup;
			children = (
				49108CE4223AA7DB00C6A160 /* TopicCell.swift */,
			);
			path = Cell;
			sourceTree = "<group>";
		};
		49B7A6392239269C00D4A8EC /* AddTaskTopic */ = {
			isa = PBXGroup;
			children = (
				49498E84224A26A5008D2475 /* AddTaskTopic.swift */,
				49498E86224A26CF008D2475 /* AddTaskTopicModel.swift */,
			);
			path = AddTaskTopic;
			sourceTree = "<group>";
		};
		49B7A642223951F700D4A8EC /* CreateChat */ = {
			isa = PBXGroup;
			children = (
				49B7A6452239521600D4A8EC /* CreateChat.swift */,
				490D03EB223BA5A1000E6878 /* CreateChatModel.swift */,
			);
			path = CreateChat;
			sourceTree = "<group>";
		};
		49CBE2EC22281B9C00DFE240 /* CreateASpace */ = {
			isa = PBXGroup;
			children = (
				499D7EAE2225733B00694DD6 /* CreateASpaceController.swift */,
				49CBE2EA2227FAAC00DFE240 /* CreateASpaceModel.swift */,
			);
			path = CreateASpace;
			sourceTree = "<group>";
		};
		49CBE2ED22281BBA00DFE240 /* MySpaces */ = {
			isa = PBXGroup;
			children = (
				49451A2B2224426100AC8350 /* MySpacesVC.swift */,
				49451A2D2224426100AC8350 /* MySpacesModel.swift */,
				499D7EB222257BD500694DD6 /* Cells */,
			);
			path = MySpaces;
			sourceTree = "<group>";
		};
		49CBE2EE22281BD000DFE240 /* JoinASpace */ = {
			isa = PBXGroup;
			children = (
				499D7EB0222573DC00694DD6 /* JoinASpaceController.swift */,
				49CBE2EF22281BFF00DFE240 /* JoinASapceModel.swift */,
			);
			path = JoinASpace;
			sourceTree = "<group>";
		};
		49E0413922326B1000BCF2CA /* Main */ = {
			isa = PBXGroup;
			children = (
				49E0413E22327A1000BCF2CA /* NavController.swift */,
				49E0413A22326B4800BCF2CA /* MainViewController.swift */,
				4935AB142232869F0061AE47 /* MainModel.swift */,
				49E50E9C222FC44500FFD8B7 /* Main.storyboard */,
				4935AB212232879D0061AE47 /* Budget */,
				4935AB20223287970061AE47 /* Tasks */,
				4935AB1F223287920061AE47 /* Chats */,
				4935AB1E2232878B0061AE47 /* Ideas */,
			);
			path = Main;
			sourceTree = "<group>";
		};
		49E50EA5222FD5B500FFD8B7 /* Event_PlannerTests */ = {
			isa = PBXGroup;
			children = (
				49E50EA6222FD5B500FFD8B7 /* Event_PlannerTests.swift */,
				49E50EA8222FD5B500FFD8B7 /* Info.plist */,
			);
			path = Event_PlannerTests;
			sourceTree = "<group>";
		};
		49FE6E04222D40F3004FAD45 /* Constants */ = {
			isa = PBXGroup;
			children = (
				49FE6E05222D4109004FAD45 /* Strings.swift */,
			);
			path = Constants;
			sourceTree = "<group>";
		};
		516D2C238066C79A0A352E80 /* Pods */ = {
			isa = PBXGroup;
			children = (
				D6B62B1916119573263F5681 /* Pods-Event_Planner.debug.xcconfig */,
				41BA0A7A0FA3D970FCE2407E /* Pods-Event_Planner.release.xcconfig */,
			);
			path = Pods;
			sourceTree = "<group>";
		};
		844FF1EAD43285001C873596 /* Frameworks */ = {
			isa = PBXGroup;
			children = (
				A57EBC55AC46D9C331ABCD28 /* Pods_Event_Planner.framework */,
			);
			name = Frameworks;
			sourceTree = "<group>";
		};
/* End PBXGroup section */

/* Begin PBXNativeTarget section */
		4911E16E223022D300EB8474 /* UserService Test */ = {
			isa = PBXNativeTarget;
			buildConfigurationList = 4911E176223022D300EB8474 /* Build configuration list for PBXNativeTarget "UserService Test" */;
			buildPhases = (
				4911E16B223022D300EB8474 /* Sources */,
				4911E16C223022D300EB8474 /* Frameworks */,
				4911E16D223022D300EB8474 /* Resources */,
			);
			buildRules = (
			);
			dependencies = (
				4911E175223022D300EB8474 /* PBXTargetDependency */,
			);
			name = "UserService Test";
			productName = "UserService Test";
			productReference = 4911E16F223022D300EB8474 /* UserService Test.xctest */;
			productType = "com.apple.product-type.bundle.unit-test";
		};
		49809C3F2223E61500295608 /* Event_Planner */ = {
			isa = PBXNativeTarget;
			buildConfigurationList = 49809C522223E61500295608 /* Build configuration list for PBXNativeTarget "Event_Planner" */;
			buildPhases = (
				486127D6470E87E220903F85 /* [CP] Check Pods Manifest.lock */,
				49809C3C2223E61500295608 /* Sources */,
				49809C3D2223E61500295608 /* Frameworks */,
				49809C3E2223E61500295608 /* Resources */,
				FA6940C4519F21F08D0BDFB5 /* [CP] Embed Pods Frameworks */,
			);
			buildRules = (
			);
			dependencies = (
			);
			name = Event_Planner;
			productName = Event_Planner;
			productReference = 49809C402223E61500295608 /* Event_Planner.app */;
			productType = "com.apple.product-type.application";
		};
		49E50EA3222FD5B500FFD8B7 /* Event_PlannerTests */ = {
			isa = PBXNativeTarget;
			buildConfigurationList = 49E50EAB222FD5B500FFD8B7 /* Build configuration list for PBXNativeTarget "Event_PlannerTests" */;
			buildPhases = (
				49E50EA0222FD5B500FFD8B7 /* Sources */,
				49E50EA1222FD5B500FFD8B7 /* Frameworks */,
				49E50EA2222FD5B500FFD8B7 /* Resources */,
			);
			buildRules = (
			);
			dependencies = (
				49E50EAA222FD5B500FFD8B7 /* PBXTargetDependency */,
			);
			name = Event_PlannerTests;
			productName = Event_PlannerTests;
			productReference = 49E50EA4222FD5B500FFD8B7 /* Event_PlannerTests.xctest */;
			productType = "com.apple.product-type.bundle.unit-test";
		};
/* End PBXNativeTarget section */

/* Begin PBXProject section */
		49809C382223E61500295608 /* Project object */ = {
			isa = PBXProject;
			attributes = {
				LastSwiftUpdateCheck = 1010;
				LastUpgradeCheck = 1010;
				ORGANIZATIONNAME = chili;
				TargetAttributes = {
					4911E16E223022D300EB8474 = {
						CreatedOnToolsVersion = 10.1;
					};
					49809C3F2223E61500295608 = {
						CreatedOnToolsVersion = 10.1;
					};
					49E50EA3222FD5B500FFD8B7 = {
						CreatedOnToolsVersion = 10.1;
					};
				};
			};
			buildConfigurationList = 49809C3B2223E61500295608 /* Build configuration list for PBXProject "Event_Planner" */;
			compatibilityVersion = "Xcode 9.3";
			developmentRegion = en;
			hasScannedForEncodings = 0;
			knownRegions = (
				en,
				Base,
			);
			mainGroup = 49809C372223E61500295608;
			productRefGroup = 49809C412223E61500295608 /* Products */;
			projectDirPath = "";
			projectRoot = "";
			targets = (
				49809C3F2223E61500295608 /* Event_Planner */,
				49E50EA3222FD5B500FFD8B7 /* Event_PlannerTests */,
				4911E16E223022D300EB8474 /* UserService Test */,
			);
		};
/* End PBXProject section */

/* Begin PBXResourcesBuildPhase section */
		4911E16D223022D300EB8474 /* Resources */ = {
			isa = PBXResourcesBuildPhase;
			buildActionMask = 2147483647;
			files = (
			);
			runOnlyForDeploymentPostprocessing = 0;
		};
		49809C3E2223E61500295608 /* Resources */ = {
			isa = PBXResourcesBuildPhase;
			buildActionMask = 2147483647;
			files = (
				490D4B3A223FD8FF00E07DB3 /* TaskTopic.storyboard in Resources */,
				49CBE2E92227E56600DFE240 /* Greeting.storyboard in Resources */,
				49809C4E2223E61500295608 /* LaunchScreen.storyboard in Resources */,
				490D4B22223BC88A00E07DB3 /* SingleChat.storyboard in Resources */,
				4935AB1B2232874C0061AE47 /* Budget.storyboard in Resources */,
				49809C562223EE9900295608 /* GoogleService-Info.plist in Resources */,
				490D4B2A223FB29C00E07DB3 /* IdeaTopic.storyboard in Resources */,
				495E1C8022437CE00002F096 /* AddTask.storyboard in Resources */,
				49E50E9D222FC44500FFD8B7 /* Main.storyboard in Resources */,
				4935AB172232873D0061AE47 /* Ideas.storyboard in Resources */,
				49809C4B2223E61500295608 /* Assets.xcassets in Resources */,
				4935AB19223287440061AE47 /* Chat.storyboard in Resources */,
				49809C492223E61500295608 /* Spaces.storyboard in Resources */,
				4935AB1D223287730061AE47 /* Tasks.storyboard in Resources */,
			);
			runOnlyForDeploymentPostprocessing = 0;
		};
		49E50EA2222FD5B500FFD8B7 /* Resources */ = {
			isa = PBXResourcesBuildPhase;
			buildActionMask = 2147483647;
			files = (
			);
			runOnlyForDeploymentPostprocessing = 0;
		};
/* End PBXResourcesBuildPhase section */

/* Begin PBXShellScriptBuildPhase section */
		486127D6470E87E220903F85 /* [CP] Check Pods Manifest.lock */ = {
			isa = PBXShellScriptBuildPhase;
			buildActionMask = 2147483647;
			files = (
			);
			inputFileListPaths = (
			);
			inputPaths = (
				"${PODS_PODFILE_DIR_PATH}/Podfile.lock",
				"${PODS_ROOT}/Manifest.lock",
			);
			name = "[CP] Check Pods Manifest.lock";
			outputFileListPaths = (
			);
			outputPaths = (
				"$(DERIVED_FILE_DIR)/Pods-Event_Planner-checkManifestLockResult.txt",
			);
			runOnlyForDeploymentPostprocessing = 0;
			shellPath = /bin/sh;
			shellScript = "diff \"${PODS_PODFILE_DIR_PATH}/Podfile.lock\" \"${PODS_ROOT}/Manifest.lock\" > /dev/null\nif [ $? != 0 ] ; then\n    # print error to STDERR\n    echo \"error: The sandbox is not in sync with the Podfile.lock. Run 'pod install' or update your CocoaPods installation.\" >&2\n    exit 1\nfi\n# This output is used by Xcode 'outputs' to avoid re-running this script phase.\necho \"SUCCESS\" > \"${SCRIPT_OUTPUT_FILE_0}\"\n";
			showEnvVarsInLog = 0;
		};
		FA6940C4519F21F08D0BDFB5 /* [CP] Embed Pods Frameworks */ = {
			isa = PBXShellScriptBuildPhase;
			buildActionMask = 2147483647;
			files = (
			);
			inputFileListPaths = (
			);
			inputPaths = (
				"${PODS_ROOT}/Target Support Files/Pods-Event_Planner/Pods-Event_Planner-frameworks.sh",
				"${BUILT_PRODUCTS_DIR}/GTMSessionFetcher/GTMSessionFetcher.framework",
				"${BUILT_PRODUCTS_DIR}/GoogleUtilities/GoogleUtilities.framework",
				"${BUILT_PRODUCTS_DIR}/leveldb-library/leveldb.framework",
				"${BUILT_PRODUCTS_DIR}/nanopb/nanopb.framework",
			);
			name = "[CP] Embed Pods Frameworks";
			outputFileListPaths = (
			);
			outputPaths = (
				"${TARGET_BUILD_DIR}/${FRAMEWORKS_FOLDER_PATH}/GTMSessionFetcher.framework",
				"${TARGET_BUILD_DIR}/${FRAMEWORKS_FOLDER_PATH}/GoogleUtilities.framework",
				"${TARGET_BUILD_DIR}/${FRAMEWORKS_FOLDER_PATH}/leveldb.framework",
				"${TARGET_BUILD_DIR}/${FRAMEWORKS_FOLDER_PATH}/nanopb.framework",
			);
			runOnlyForDeploymentPostprocessing = 0;
			shellPath = /bin/sh;
			shellScript = "\"${PODS_ROOT}/Target Support Files/Pods-Event_Planner/Pods-Event_Planner-frameworks.sh\"\n";
			showEnvVarsInLog = 0;
		};
/* End PBXShellScriptBuildPhase section */

/* Begin PBXSourcesBuildPhase section */
		4911E16B223022D300EB8474 /* Sources */ = {
			isa = PBXSourcesBuildPhase;
			buildActionMask = 2147483647;
			files = (
				4911E17A223022DE00EB8474 /* PUserService.swift in Sources */,
				4911E17B223144F100EB8474 /* LoginModel.swift in Sources */,
				4911E172223022D300EB8474 /* LoginFunc_Test.swift in Sources */,
				4911E179223022DA00EB8474 /* DummyUserService.swift in Sources */,
			);
			runOnlyForDeploymentPostprocessing = 0;
		};
		49809C3C2223E61500295608 /* Sources */ = {
			isa = PBXSourcesBuildPhase;
			buildActionMask = 2147483647;
			files = (
				499D7EAF2225733B00694DD6 /* CreateASpaceController.swift in Sources */,
				493A9589224B5E9C007171F0 /* SpaceDO.swift in Sources */,
				490D4B2F223FC94500E07DB3 /* IdeaTopicModel.swift in Sources */,
				495E1C6C22425E540002F096 /* AddTask.swift in Sources */,
				4902A1A622297D7300580D44 /* PDependencies.swift in Sources */,
				490D4B28223F981500E07DB3 /* ChatModel.swift in Sources */,
				495E1C702242751F0002F096 /* AddTaskModel.swift in Sources */,
				495E1C7D224374EA0002F096 /* ButtonSubclass.swift in Sources */,
				49451A3F2224426100AC8350 /* AppDelegate.swift in Sources */,
				49CBE2E72227CEEA00DFE240 /* FlowController.swift in Sources */,
				495E1C6E224266B40002F096 /* TaskNeedsDoingModel.swift in Sources */,
				49E0413F22327A1000BCF2CA /* NavController.swift in Sources */,
				495E1C6A22424C170002F096 /* TaskDoneCell.swift in Sources */,
				49451A472224426100AC8350 /* SpacesFlow.swift in Sources */,
				495E1C872243A5420002F096 /* TaskInProgressModel.swift in Sources */,
				495E1C74224296CF0002F096 /* BudgetFlow.swift in Sources */,
				490543C2224510AE00FC28A1 /* AddTotalBudgetModel.swift in Sources */,
				49459D0A222E63B10020A8BA /* TextBoxSubclass.swift in Sources */,
				49B7A6382239237B00D4A8EC /* TasksModel.swift in Sources */,
				49498E8D224A5AD4008D2475 /* PSpaceService.swift in Sources */,
				49498E87224A26CF008D2475 /* AddTaskTopicModel.swift in Sources */,
				495E1C8D2243A9390002F096 /* DoneDetails.swift in Sources */,
				49108CD3223A436300C6A160 /* IdeasModel.swift in Sources */,
				493A958B224BAA39007171F0 /* IdeaService.swift in Sources */,
				495E1C952243DE340002F096 /* CurrentUserCell.swift in Sources */,
				4904C86622369ADE00A31D98 /* TasksCell.swift in Sources */,
				49E0413B22326B4800BCF2CA /* MainViewController.swift in Sources */,
				490D4B4622412E9000E07DB3 /* AddIdeaModel.swift in Sources */,
				4926DD69222EBA8D00F1DB4E /* MySpacesCell.swift in Sources */,
				493E4E49224CD3950009993A /* TaskDO.swift in Sources */,
				49FE6E06222D4109004FAD45 /* Strings.swift in Sources */,
				49E50E9F222FCB3000FFD8B7 /* DummyUserService.swift in Sources */,
				495E1C6622424C030002F096 /* TaskNeedsDoingCell.swift in Sources */,
				4902A1A32229214900580D44 /* UserService.swift in Sources */,
				490D4B412240E4B400E07DB3 /* AddBudgetModel.swift in Sources */,
				495E1C85224393D80002F096 /* NeedsDoingDetailsModel.swift in Sources */,
				49451A402224426100AC8350 /* MySpacesVC.swift in Sources */,
				490D03EC223BA5A1000E6878 /* CreateChatModel.swift in Sources */,
				49108CE5223AA7DB00C6A160 /* TopicCell.swift in Sources */,
				49B7A6332238F7BB00D4A8EC /* ChatsCell.swift in Sources */,
				49108CE1223AA5BD00C6A160 /* IdeaTopic.swift in Sources */,
				4935AB2B223288950061AE47 /* TasksController.swift in Sources */,
				49B7A6462239521600D4A8EC /* CreateChat.swift in Sources */,
				49CBE2F022281BFF00DFE240 /* JoinASapceModel.swift in Sources */,
				49451A462224426100AC8350 /* AppFlow.swift in Sources */,
				490D4B25223BCAF300E07DB3 /* ChatCell.swift in Sources */,
				495E1C78224297650002F096 /* ChatsFlow.swift in Sources */,
				49108CE3223AA72C00C6A160 /* IdeaCell.swift in Sources */,
				490D4B4422412CE300E07DB3 /* AddIdea.swift in Sources */,
				490D4B36223FD77000E07DB3 /* TaskInProgress.swift in Sources */,
				490D03EA223B9BC0000E6878 /* ConfigureModel.swift in Sources */,
				49451A3C2224426100AC8350 /* SignUpVC.swift in Sources */,
				49108CD8223A59BB00C6A160 /* BudgetModel.swift in Sources */,
				4935AB2D223288A00061AE47 /* BudgetController.swift in Sources */,
				493E4E3F224CB8660009993A /* ChatDO.swift in Sources */,
				493E4E3D224CB7B50009993A /* MessageDO.swift in Sources */,
				495E1C7A224297800002F096 /* TasksFlow.swift in Sources */,
				4935AB152232869F0061AE47 /* MainModel.swift in Sources */,
				49498E8A224A5A03008D2475 /* SpaceService.swift in Sources */,
				490543C02245106800FC28A1 /* AddTotalBudget.swift in Sources */,
				490D4B34223FD76200E07DB3 /* TaskNeedsDoing.swift in Sources */,
				49108CDE223A8A4D00C6A160 /* FieldCell.swift in Sources */,
				490D4B20223BC82F00E07DB3 /* ChatController.swift in Sources */,
				49108CD1223A427C00C6A160 /* AddTopicController.swift in Sources */,
				495E1C6822424C100002F096 /* TaskInProgressCell.swift in Sources */,
				49451A4A2224426100AC8350 /* LoginModel.swift in Sources */,
				490D4B4822421E2D00E07DB3 /* BudgetFieldStructure.swift in Sources */,
				495E1C8322437EC70002F096 /* NeedsDoingDetails.swift in Sources */,
				499D7EB422257BF900694DD6 /* OtherSpacesCell.swift in Sources */,
				493E4E45224CB95F0009993A /* PChatService.swift in Sources */,
				49B7A64122394EC800D4A8EC /* ChatsModel.swift in Sources */,
				49451A422224426100AC8350 /* MySpacesModel.swift in Sources */,
				4911E168223021A700EB8474 /* PUserService.swift in Sources */,
				49451A3B2224426100AC8350 /* SignUpModel.swift in Sources */,
				493E4E47224CB9720009993A /* ChatService.swift in Sources */,
				49B7A63D22392BE200D4A8EC /* UIColor.swift in Sources */,
				495E1C8F2243A9410002F096 /* DoneDetailsModel.swift in Sources */,
				4935AB292232888C0061AE47 /* ChatsController.swift in Sources */,
				499D7EB1222573DC00694DD6 /* JoinASpaceController.swift in Sources */,
				49451A3A2224426100AC8350 /* GreetingModel.swift in Sources */,
				49CBE2EB2227FAAC00DFE240 /* CreateASpaceModel.swift in Sources */,
				49108CDB223A5A3600C6A160 /* ConfigureBudget.swift in Sources */,
				4935AB232232884A0061AE47 /* IdeasController.swift in Sources */,
				49451A3D2224426100AC8350 /* Background.swift in Sources */,
				495E1C8B2243A9310002F096 /* InProgressDetails.swift in Sources */,
				490D4B3F2240DEA700E07DB3 /* AddBudgetField.swift in Sources */,
				49E0413D22326B5500BCF2CA /* MainFlow.swift in Sources */,
				495E1C762242975C0002F096 /* IdeasFlow.swift in Sources */,
				495E1C912243A9500002F096 /* InProgressDetailsModel.swift in Sources */,
				493A958F224BAAAE007171F0 /* IdeaDO.swift in Sources */,
				49498E85224A26A5008D2475 /* AddTaskTopic.swift in Sources */,
				495E1C892243A5610002F096 /* TaskDoneModel.swift in Sources */,
				490D4B2D223FB44100E07DB3 /* AddTopicModel.swift in Sources */,
				49451A4B2224426100AC8350 /* LogInVC.swift in Sources */,
				49108CD6223A54A200C6A160 /* BudgetCell.swift in Sources */,
				49451A392224426100AC8350 /* GreetingVC.swift in Sources */,
				490D4B38223FD77700E07DB3 /* TaskDone.swift in Sources */,
				493A958D224BAA45007171F0 /* PIdeaService.swift in Sources */,
				493A9593224BAB0E007171F0 /* TopicDO.swift in Sources */,
				49451A492224426100AC8350 /* GreetingFlow.swift in Sources */,
			);
			runOnlyForDeploymentPostprocessing = 0;
		};
		49E50EA0222FD5B500FFD8B7 /* Sources */ = {
			isa = PBXSourcesBuildPhase;
			buildActionMask = 2147483647;
			files = (
				49E50EA7222FD5B500FFD8B7 /* Event_PlannerTests.swift in Sources */,
			);
			runOnlyForDeploymentPostprocessing = 0;
		};
/* End PBXSourcesBuildPhase section */

/* Begin PBXTargetDependency section */
		4911E175223022D300EB8474 /* PBXTargetDependency */ = {
			isa = PBXTargetDependency;
			target = 49809C3F2223E61500295608 /* Event_Planner */;
			targetProxy = 4911E174223022D300EB8474 /* PBXContainerItemProxy */;
		};
		49E50EAA222FD5B500FFD8B7 /* PBXTargetDependency */ = {
			isa = PBXTargetDependency;
			target = 49809C3F2223E61500295608 /* Event_Planner */;
			targetProxy = 49E50EA9222FD5B500FFD8B7 /* PBXContainerItemProxy */;
		};
/* End PBXTargetDependency section */

/* Begin PBXVariantGroup section */
		49809C472223E61500295608 /* Spaces.storyboard */ = {
			isa = PBXVariantGroup;
			children = (
				49809C482223E61500295608 /* Base */,
			);
			name = Spaces.storyboard;
			sourceTree = "<group>";
		};
		49809C4C2223E61500295608 /* LaunchScreen.storyboard */ = {
			isa = PBXVariantGroup;
			children = (
				49809C4D2223E61500295608 /* Base */,
			);
			name = LaunchScreen.storyboard;
			sourceTree = "<group>";
		};
/* End PBXVariantGroup section */

/* Begin XCBuildConfiguration section */
		4911E177223022D300EB8474 /* Debug */ = {
			isa = XCBuildConfiguration;
			buildSettings = {
				CODE_SIGN_STYLE = Automatic;
				INFOPLIST_FILE = "UserService Test/Info.plist";
				LD_RUNPATH_SEARCH_PATHS = (
					"$(inherited)",
					"@executable_path/Frameworks",
					"@loader_path/Frameworks",
				);
				PRODUCT_BUNDLE_IDENTIFIER = "chi.UserService-Test";
				PRODUCT_NAME = "$(TARGET_NAME)";
				SWIFT_VERSION = 4.2;
				TARGETED_DEVICE_FAMILY = "1,2";
			};
			name = Debug;
		};
		4911E178223022D300EB8474 /* Release */ = {
			isa = XCBuildConfiguration;
			buildSettings = {
				CODE_SIGN_STYLE = Automatic;
				INFOPLIST_FILE = "UserService Test/Info.plist";
				LD_RUNPATH_SEARCH_PATHS = (
					"$(inherited)",
					"@executable_path/Frameworks",
					"@loader_path/Frameworks",
				);
				PRODUCT_BUNDLE_IDENTIFIER = "chi.UserService-Test";
				PRODUCT_NAME = "$(TARGET_NAME)";
				SWIFT_VERSION = 4.2;
				TARGETED_DEVICE_FAMILY = "1,2";
			};
			name = Release;
		};
		49809C502223E61500295608 /* Debug */ = {
			isa = XCBuildConfiguration;
			buildSettings = {
				ALWAYS_SEARCH_USER_PATHS = NO;
				CLANG_ANALYZER_NONNULL = YES;
				CLANG_ANALYZER_NUMBER_OBJECT_CONVERSION = YES_AGGRESSIVE;
				CLANG_CXX_LANGUAGE_STANDARD = "gnu++14";
				CLANG_CXX_LIBRARY = "libc++";
				CLANG_ENABLE_MODULES = YES;
				CLANG_ENABLE_OBJC_ARC = YES;
				CLANG_ENABLE_OBJC_WEAK = YES;
				CLANG_WARN_BLOCK_CAPTURE_AUTORELEASING = YES;
				CLANG_WARN_BOOL_CONVERSION = YES;
				CLANG_WARN_COMMA = YES;
				CLANG_WARN_CONSTANT_CONVERSION = YES;
				CLANG_WARN_DEPRECATED_OBJC_IMPLEMENTATIONS = YES;
				CLANG_WARN_DIRECT_OBJC_ISA_USAGE = YES_ERROR;
				CLANG_WARN_DOCUMENTATION_COMMENTS = YES;
				CLANG_WARN_EMPTY_BODY = YES;
				CLANG_WARN_ENUM_CONVERSION = YES;
				CLANG_WARN_INFINITE_RECURSION = YES;
				CLANG_WARN_INT_CONVERSION = YES;
				CLANG_WARN_NON_LITERAL_NULL_CONVERSION = YES;
				CLANG_WARN_OBJC_IMPLICIT_RETAIN_SELF = YES;
				CLANG_WARN_OBJC_LITERAL_CONVERSION = YES;
				CLANG_WARN_OBJC_ROOT_CLASS = YES_ERROR;
				CLANG_WARN_RANGE_LOOP_ANALYSIS = YES;
				CLANG_WARN_STRICT_PROTOTYPES = YES;
				CLANG_WARN_SUSPICIOUS_MOVE = YES;
				CLANG_WARN_UNGUARDED_AVAILABILITY = YES_AGGRESSIVE;
				CLANG_WARN_UNREACHABLE_CODE = YES;
				CLANG_WARN__DUPLICATE_METHOD_MATCH = YES;
				CODE_SIGN_IDENTITY = "iPhone Developer";
				COPY_PHASE_STRIP = NO;
				DEBUG_INFORMATION_FORMAT = dwarf;
				ENABLE_STRICT_OBJC_MSGSEND = YES;
				ENABLE_TESTABILITY = YES;
				GCC_C_LANGUAGE_STANDARD = gnu11;
				GCC_DYNAMIC_NO_PIC = NO;
				GCC_NO_COMMON_BLOCKS = YES;
				GCC_OPTIMIZATION_LEVEL = 0;
				GCC_PREPROCESSOR_DEFINITIONS = (
					"DEBUG=1",
					"$(inherited)",
				);
				GCC_WARN_64_TO_32_BIT_CONVERSION = YES;
				GCC_WARN_ABOUT_RETURN_TYPE = YES_ERROR;
				GCC_WARN_UNDECLARED_SELECTOR = YES;
				GCC_WARN_UNINITIALIZED_AUTOS = YES_AGGRESSIVE;
				GCC_WARN_UNUSED_FUNCTION = YES;
				GCC_WARN_UNUSED_VARIABLE = YES;
				IPHONEOS_DEPLOYMENT_TARGET = 12.1;
				MTL_ENABLE_DEBUG_INFO = INCLUDE_SOURCE;
				MTL_FAST_MATH = YES;
				ONLY_ACTIVE_ARCH = YES;
				SDKROOT = iphoneos;
				SWIFT_ACTIVE_COMPILATION_CONDITIONS = DEBUG;
				SWIFT_COMPILATION_MODE = wholemodule;
				SWIFT_OPTIMIZATION_LEVEL = "-Onone";
			};
			name = Debug;
		};
		49809C512223E61500295608 /* Release */ = {
			isa = XCBuildConfiguration;
			buildSettings = {
				ALWAYS_SEARCH_USER_PATHS = NO;
				CLANG_ANALYZER_NONNULL = YES;
				CLANG_ANALYZER_NUMBER_OBJECT_CONVERSION = YES_AGGRESSIVE;
				CLANG_CXX_LANGUAGE_STANDARD = "gnu++14";
				CLANG_CXX_LIBRARY = "libc++";
				CLANG_ENABLE_MODULES = YES;
				CLANG_ENABLE_OBJC_ARC = YES;
				CLANG_ENABLE_OBJC_WEAK = YES;
				CLANG_WARN_BLOCK_CAPTURE_AUTORELEASING = YES;
				CLANG_WARN_BOOL_CONVERSION = YES;
				CLANG_WARN_COMMA = YES;
				CLANG_WARN_CONSTANT_CONVERSION = YES;
				CLANG_WARN_DEPRECATED_OBJC_IMPLEMENTATIONS = YES;
				CLANG_WARN_DIRECT_OBJC_ISA_USAGE = YES_ERROR;
				CLANG_WARN_DOCUMENTATION_COMMENTS = YES;
				CLANG_WARN_EMPTY_BODY = YES;
				CLANG_WARN_ENUM_CONVERSION = YES;
				CLANG_WARN_INFINITE_RECURSION = YES;
				CLANG_WARN_INT_CONVERSION = YES;
				CLANG_WARN_NON_LITERAL_NULL_CONVERSION = YES;
				CLANG_WARN_OBJC_IMPLICIT_RETAIN_SELF = YES;
				CLANG_WARN_OBJC_LITERAL_CONVERSION = YES;
				CLANG_WARN_OBJC_ROOT_CLASS = YES_ERROR;
				CLANG_WARN_RANGE_LOOP_ANALYSIS = YES;
				CLANG_WARN_STRICT_PROTOTYPES = YES;
				CLANG_WARN_SUSPICIOUS_MOVE = YES;
				CLANG_WARN_UNGUARDED_AVAILABILITY = YES_AGGRESSIVE;
				CLANG_WARN_UNREACHABLE_CODE = YES;
				CLANG_WARN__DUPLICATE_METHOD_MATCH = YES;
				CODE_SIGN_IDENTITY = "iPhone Developer";
				COPY_PHASE_STRIP = NO;
				DEBUG_INFORMATION_FORMAT = "dwarf-with-dsym";
				ENABLE_NS_ASSERTIONS = NO;
				ENABLE_STRICT_OBJC_MSGSEND = YES;
				GCC_C_LANGUAGE_STANDARD = gnu11;
				GCC_NO_COMMON_BLOCKS = YES;
				GCC_WARN_64_TO_32_BIT_CONVERSION = YES;
				GCC_WARN_ABOUT_RETURN_TYPE = YES_ERROR;
				GCC_WARN_UNDECLARED_SELECTOR = YES;
				GCC_WARN_UNINITIALIZED_AUTOS = YES_AGGRESSIVE;
				GCC_WARN_UNUSED_FUNCTION = YES;
				GCC_WARN_UNUSED_VARIABLE = YES;
				IPHONEOS_DEPLOYMENT_TARGET = 12.1;
				MTL_ENABLE_DEBUG_INFO = NO;
				MTL_FAST_MATH = YES;
				SDKROOT = iphoneos;
				SWIFT_COMPILATION_MODE = wholemodule;
				SWIFT_OPTIMIZATION_LEVEL = "-O";
				VALIDATE_PRODUCT = YES;
			};
			name = Release;
		};
		49809C532223E61500295608 /* Debug */ = {
			isa = XCBuildConfiguration;
			baseConfigurationReference = D6B62B1916119573263F5681 /* Pods-Event_Planner.debug.xcconfig */;
			buildSettings = {
				ASSETCATALOG_COMPILER_APPICON_NAME = AppIcon;
				CODE_SIGN_STYLE = Automatic;
				FRAMEWORK_SEARCH_PATHS = (
					"$(inherited)",
					"$(PROJECT_DIR)/Pods/FirebaseInstanceID/Frameworks",
					"$(PROJECT_DIR)/Pods/FirebaseAnalytics/Frameworks",
					"$(PROJECT_DIR)/Pods/GoogleAppMeasurement/Frameworks",
				);
				INFOPLIST_FILE = Event_Planner/Info.plist;
				LD_RUNPATH_SEARCH_PATHS = (
					"$(inherited)",
					"@executable_path/Frameworks",
				);
				PRODUCT_BUNDLE_IDENTIFIER = "chi.Event-Planner";
				PRODUCT_NAME = "$(TARGET_NAME)";
				SWIFT_VERSION = 4.2;
				TARGETED_DEVICE_FAMILY = "1,2";
			};
			name = Debug;
		};
		49809C542223E61500295608 /* Release */ = {
			isa = XCBuildConfiguration;
			baseConfigurationReference = 41BA0A7A0FA3D970FCE2407E /* Pods-Event_Planner.release.xcconfig */;
			buildSettings = {
				ASSETCATALOG_COMPILER_APPICON_NAME = AppIcon;
				CODE_SIGN_STYLE = Automatic;
				FRAMEWORK_SEARCH_PATHS = (
					"$(inherited)",
					"$(PROJECT_DIR)/Pods/FirebaseInstanceID/Frameworks",
					"$(PROJECT_DIR)/Pods/FirebaseAnalytics/Frameworks",
					"$(PROJECT_DIR)/Pods/GoogleAppMeasurement/Frameworks",
				);
				INFOPLIST_FILE = Event_Planner/Info.plist;
				LD_RUNPATH_SEARCH_PATHS = (
					"$(inherited)",
					"@executable_path/Frameworks",
				);
				PRODUCT_BUNDLE_IDENTIFIER = "chi.Event-Planner";
				PRODUCT_NAME = "$(TARGET_NAME)";
				SWIFT_VERSION = 4.2;
				TARGETED_DEVICE_FAMILY = "1,2";
			};
			name = Release;
		};
		49E50EAC222FD5B500FFD8B7 /* Debug */ = {
			isa = XCBuildConfiguration;
			buildSettings = {
				CODE_SIGN_STYLE = Automatic;
				INFOPLIST_FILE = Event_PlannerTests/Info.plist;
				LD_RUNPATH_SEARCH_PATHS = (
					"$(inherited)",
					"@executable_path/Frameworks",
					"@loader_path/Frameworks",
				);
				PRODUCT_BUNDLE_IDENTIFIER = "chi.Event-PlannerTests";
				PRODUCT_NAME = "$(TARGET_NAME)";
				SWIFT_VERSION = 4.2;
				TARGETED_DEVICE_FAMILY = "1,2";
			};
			name = Debug;
		};
		49E50EAD222FD5B500FFD8B7 /* Release */ = {
			isa = XCBuildConfiguration;
			buildSettings = {
				CODE_SIGN_STYLE = Automatic;
				INFOPLIST_FILE = Event_PlannerTests/Info.plist;
				LD_RUNPATH_SEARCH_PATHS = (
					"$(inherited)",
					"@executable_path/Frameworks",
					"@loader_path/Frameworks",
				);
				PRODUCT_BUNDLE_IDENTIFIER = "chi.Event-PlannerTests";
				PRODUCT_NAME = "$(TARGET_NAME)";
				SWIFT_VERSION = 4.2;
				TARGETED_DEVICE_FAMILY = "1,2";
			};
			name = Release;
		};
/* End XCBuildConfiguration section */

/* Begin XCConfigurationList section */
		4911E176223022D300EB8474 /* Build configuration list for PBXNativeTarget "UserService Test" */ = {
			isa = XCConfigurationList;
			buildConfigurations = (
				4911E177223022D300EB8474 /* Debug */,
				4911E178223022D300EB8474 /* Release */,
			);
			defaultConfigurationIsVisible = 0;
			defaultConfigurationName = Release;
		};
		49809C3B2223E61500295608 /* Build configuration list for PBXProject "Event_Planner" */ = {
			isa = XCConfigurationList;
			buildConfigurations = (
				49809C502223E61500295608 /* Debug */,
				49809C512223E61500295608 /* Release */,
			);
			defaultConfigurationIsVisible = 0;
			defaultConfigurationName = Release;
		};
		49809C522223E61500295608 /* Build configuration list for PBXNativeTarget "Event_Planner" */ = {
			isa = XCConfigurationList;
			buildConfigurations = (
				49809C532223E61500295608 /* Debug */,
				49809C542223E61500295608 /* Release */,
			);
			defaultConfigurationIsVisible = 0;
			defaultConfigurationName = Release;
		};
		49E50EAB222FD5B500FFD8B7 /* Build configuration list for PBXNativeTarget "Event_PlannerTests" */ = {
			isa = XCConfigurationList;
			buildConfigurations = (
				49E50EAC222FD5B500FFD8B7 /* Debug */,
				49E50EAD222FD5B500FFD8B7 /* Release */,
			);
			defaultConfigurationIsVisible = 0;
			defaultConfigurationName = Release;
		};
/* End XCConfigurationList section */
	};
	rootObject = 49809C382223E61500295608 /* Project object */;
}
